// !$*UTF8*$!
{
	archiveVersion = 1;
	classes = {
	};
	objectVersion = 50;
	objects = {

/* Begin PBXBuildFile section */
		4A93B46DA36CBD22AF454F02 /* Pods_Movie_DB_TestUITests.framework in Frameworks */ = {isa = PBXBuildFile; fileRef = 02FC96CE5C6D01487A588236 /* Pods_Movie_DB_TestUITests.framework */; };
		6C33BE74DD17D7DA772BCF31 /* Pods_Movie_DB_Test.framework in Frameworks */ = {isa = PBXBuildFile; fileRef = 162E3D785CC108ED7CD468E3 /* Pods_Movie_DB_Test.framework */; };
		C1B5274922AC038800574F94 /* AppDelegate.swift in Sources */ = {isa = PBXBuildFile; fileRef = C1B5274822AC038800574F94 /* AppDelegate.swift */; };
		C1B5274B22AC038800574F94 /* ViewController.swift in Sources */ = {isa = PBXBuildFile; fileRef = C1B5274A22AC038800574F94 /* ViewController.swift */; };
		C1B5274E22AC038800574F94 /* Main.storyboard in Resources */ = {isa = PBXBuildFile; fileRef = C1B5274C22AC038800574F94 /* Main.storyboard */; };
		C1B5275022AC038A00574F94 /* Assets.xcassets in Resources */ = {isa = PBXBuildFile; fileRef = C1B5274F22AC038A00574F94 /* Assets.xcassets */; };
		C1B5275322AC038A00574F94 /* LaunchScreen.storyboard in Resources */ = {isa = PBXBuildFile; fileRef = C1B5275122AC038A00574F94 /* LaunchScreen.storyboard */; };
		C1B5275E22AC038A00574F94 /* Movie_DB_TestTests.swift in Sources */ = {isa = PBXBuildFile; fileRef = C1B5275D22AC038A00574F94 /* Movie_DB_TestTests.swift */; };
		C1B5276922AC038A00574F94 /* Movie_DB_TestUITests.swift in Sources */ = {isa = PBXBuildFile; fileRef = C1B5276822AC038A00574F94 /* Movie_DB_TestUITests.swift */; };
		C389BC7273C631B895C98941 /* Pods_Movie_DB_TestTests.framework in Frameworks */ = {isa = PBXBuildFile; fileRef = A50DCF8E349126C9E89156D4 /* Pods_Movie_DB_TestTests.framework */; };
/* End PBXBuildFile section */

/* Begin PBXContainerItemProxy section */
		C1B5275A22AC038A00574F94 /* PBXContainerItemProxy */ = {
			isa = PBXContainerItemProxy;
			containerPortal = C1B5273D22AC038800574F94 /* Project object */;
			proxyType = 1;
			remoteGlobalIDString = C1B5274422AC038800574F94;
			remoteInfo = "Movie DB Test";
		};
		C1B5276522AC038A00574F94 /* PBXContainerItemProxy */ = {
			isa = PBXContainerItemProxy;
			containerPortal = C1B5273D22AC038800574F94 /* Project object */;
			proxyType = 1;
			remoteGlobalIDString = C1B5274422AC038800574F94;
			remoteInfo = "Movie DB Test";
		};
/* End PBXContainerItemProxy section */

/* Begin PBXFileReference section */
		02FC96CE5C6D01487A588236 /* Pods_Movie_DB_TestUITests.framework */ = {isa = PBXFileReference; explicitFileType = wrapper.framework; includeInIndex = 0; path = Pods_Movie_DB_TestUITests.framework; sourceTree = BUILT_PRODUCTS_DIR; };
		162E3D785CC108ED7CD468E3 /* Pods_Movie_DB_Test.framework */ = {isa = PBXFileReference; explicitFileType = wrapper.framework; includeInIndex = 0; path = Pods_Movie_DB_Test.framework; sourceTree = BUILT_PRODUCTS_DIR; };
		58F3EF60F3CD40FC34EB6361 /* Pods-Movie DB TestTests.release.xcconfig */ = {isa = PBXFileReference; includeInIndex = 1; lastKnownFileType = text.xcconfig; name = "Pods-Movie DB TestTests.release.xcconfig"; path = "Target Support Files/Pods-Movie DB TestTests/Pods-Movie DB TestTests.release.xcconfig"; sourceTree = "<group>"; };
		611AB1845D5539D4657A4BBC /* Pods-Movie DB TestUITests.release.xcconfig */ = {isa = PBXFileReference; includeInIndex = 1; lastKnownFileType = text.xcconfig; name = "Pods-Movie DB TestUITests.release.xcconfig"; path = "Target Support Files/Pods-Movie DB TestUITests/Pods-Movie DB TestUITests.release.xcconfig"; sourceTree = "<group>"; };
		9038BF6379EE2F5A39BD7CD4 /* Pods-Movie DB TestUITests.debug.xcconfig */ = {isa = PBXFileReference; includeInIndex = 1; lastKnownFileType = text.xcconfig; name = "Pods-Movie DB TestUITests.debug.xcconfig"; path = "Target Support Files/Pods-Movie DB TestUITests/Pods-Movie DB TestUITests.debug.xcconfig"; sourceTree = "<group>"; };
		A50DCF8E349126C9E89156D4 /* Pods_Movie_DB_TestTests.framework */ = {isa = PBXFileReference; explicitFileType = wrapper.framework; includeInIndex = 0; path = Pods_Movie_DB_TestTests.framework; sourceTree = BUILT_PRODUCTS_DIR; };
		B46484CD6557515F90760C4F /* Pods-Movie DB TestTests.debug.xcconfig */ = {isa = PBXFileReference; includeInIndex = 1; lastKnownFileType = text.xcconfig; name = "Pods-Movie DB TestTests.debug.xcconfig"; path = "Target Support Files/Pods-Movie DB TestTests/Pods-Movie DB TestTests.debug.xcconfig"; sourceTree = "<group>"; };
		BE3BC7F1D8655BD216BDA584 /* Pods-Movie DB Test.debug.xcconfig */ = {isa = PBXFileReference; includeInIndex = 1; lastKnownFileType = text.xcconfig; name = "Pods-Movie DB Test.debug.xcconfig"; path = "Target Support Files/Pods-Movie DB Test/Pods-Movie DB Test.debug.xcconfig"; sourceTree = "<group>"; };
		C1B5274522AC038800574F94 /* Movie DB Test.app */ = {isa = PBXFileReference; explicitFileType = wrapper.application; includeInIndex = 0; path = "Movie DB Test.app"; sourceTree = BUILT_PRODUCTS_DIR; };
		C1B5274822AC038800574F94 /* AppDelegate.swift */ = {isa = PBXFileReference; lastKnownFileType = sourcecode.swift; path = AppDelegate.swift; sourceTree = "<group>"; };
		C1B5274A22AC038800574F94 /* ViewController.swift */ = {isa = PBXFileReference; lastKnownFileType = sourcecode.swift; path = ViewController.swift; sourceTree = "<group>"; };
		C1B5274D22AC038800574F94 /* Base */ = {isa = PBXFileReference; lastKnownFileType = file.storyboard; name = Base; path = Base.lproj/Main.storyboard; sourceTree = "<group>"; };
		C1B5274F22AC038A00574F94 /* Assets.xcassets */ = {isa = PBXFileReference; lastKnownFileType = folder.assetcatalog; path = Assets.xcassets; sourceTree = "<group>"; };
		C1B5275222AC038A00574F94 /* Base */ = {isa = PBXFileReference; lastKnownFileType = file.storyboard; name = Base; path = Base.lproj/LaunchScreen.storyboard; sourceTree = "<group>"; };
		C1B5275422AC038A00574F94 /* Info.plist */ = {isa = PBXFileReference; lastKnownFileType = text.plist.xml; path = Info.plist; sourceTree = "<group>"; };
		C1B5275922AC038A00574F94 /* Movie DB TestTests.xctest */ = {isa = PBXFileReference; explicitFileType = wrapper.cfbundle; includeInIndex = 0; path = "Movie DB TestTests.xctest"; sourceTree = BUILT_PRODUCTS_DIR; };
		C1B5275D22AC038A00574F94 /* Movie_DB_TestTests.swift */ = {isa = PBXFileReference; lastKnownFileType = sourcecode.swift; path = Movie_DB_TestTests.swift; sourceTree = "<group>"; };
		C1B5275F22AC038A00574F94 /* Info.plist */ = {isa = PBXFileReference; lastKnownFileType = text.plist.xml; path = Info.plist; sourceTree = "<group>"; };
		C1B5276422AC038A00574F94 /* Movie DB TestUITests.xctest */ = {isa = PBXFileReference; explicitFileType = wrapper.cfbundle; includeInIndex = 0; path = "Movie DB TestUITests.xctest"; sourceTree = BUILT_PRODUCTS_DIR; };
		C1B5276822AC038A00574F94 /* Movie_DB_TestUITests.swift */ = {isa = PBXFileReference; lastKnownFileType = sourcecode.swift; path = Movie_DB_TestUITests.swift; sourceTree = "<group>"; };
		C1B5276A22AC038A00574F94 /* Info.plist */ = {isa = PBXFileReference; lastKnownFileType = text.plist.xml; path = Info.plist; sourceTree = "<group>"; };
		EA4448BA1FF56CFE66B86F36 /* Pods-Movie DB Test.release.xcconfig */ = {isa = PBXFileReference; includeInIndex = 1; lastKnownFileType = text.xcconfig; name = "Pods-Movie DB Test.release.xcconfig"; path = "Target Support Files/Pods-Movie DB Test/Pods-Movie DB Test.release.xcconfig"; sourceTree = "<group>"; };
/* End PBXFileReference section */

/* Begin PBXFrameworksBuildPhase section */
		C1B5274222AC038800574F94 /* Frameworks */ = {
			isa = PBXFrameworksBuildPhase;
			buildActionMask = 2147483647;
			files = (
				6C33BE74DD17D7DA772BCF31 /* Pods_Movie_DB_Test.framework in Frameworks */,
			);
			runOnlyForDeploymentPostprocessing = 0;
		};
		C1B5275622AC038A00574F94 /* Frameworks */ = {
			isa = PBXFrameworksBuildPhase;
			buildActionMask = 2147483647;
			files = (
				C389BC7273C631B895C98941 /* Pods_Movie_DB_TestTests.framework in Frameworks */,
			);
			runOnlyForDeploymentPostprocessing = 0;
		};
		C1B5276122AC038A00574F94 /* Frameworks */ = {
			isa = PBXFrameworksBuildPhase;
			buildActionMask = 2147483647;
			files = (
				4A93B46DA36CBD22AF454F02 /* Pods_Movie_DB_TestUITests.framework in Frameworks */,
			);
			runOnlyForDeploymentPostprocessing = 0;
		};
/* End PBXFrameworksBuildPhase section */

/* Begin PBXGroup section */
		5C7755C2D546DD485EA15C50 /* Frameworks */ = {
			isa = PBXGroup;
			children = (
				162E3D785CC108ED7CD468E3 /* Pods_Movie_DB_Test.framework */,
				A50DCF8E349126C9E89156D4 /* Pods_Movie_DB_TestTests.framework */,
				02FC96CE5C6D01487A588236 /* Pods_Movie_DB_TestUITests.framework */,
			);
			name = Frameworks;
			sourceTree = "<group>";
		};
		937FD3033E3C9F18B9FE5099 /* Pods */ = {
			isa = PBXGroup;
			children = (
				BE3BC7F1D8655BD216BDA584 /* Pods-Movie DB Test.debug.xcconfig */,
				EA4448BA1FF56CFE66B86F36 /* Pods-Movie DB Test.release.xcconfig */,
				B46484CD6557515F90760C4F /* Pods-Movie DB TestTests.debug.xcconfig */,
				58F3EF60F3CD40FC34EB6361 /* Pods-Movie DB TestTests.release.xcconfig */,
				9038BF6379EE2F5A39BD7CD4 /* Pods-Movie DB TestUITests.debug.xcconfig */,
				611AB1845D5539D4657A4BBC /* Pods-Movie DB TestUITests.release.xcconfig */,
			);
			name = Pods;
			path = Pods;
			sourceTree = "<group>";
		};
		C1B5273C22AC038800574F94 = {
			isa = PBXGroup;
			children = (
				C1B5274722AC038800574F94 /* Movie DB Test */,
				C1B5275C22AC038A00574F94 /* Movie DB TestTests */,
				C1B5276722AC038A00574F94 /* Movie DB TestUITests */,
				C1B5274622AC038800574F94 /* Products */,
				937FD3033E3C9F18B9FE5099 /* Pods */,
				5C7755C2D546DD485EA15C50 /* Frameworks */,
			);
			sourceTree = "<group>";
		};
		C1B5274622AC038800574F94 /* Products */ = {
			isa = PBXGroup;
			children = (
				C1B5274522AC038800574F94 /* Movie DB Test.app */,
				C1B5275922AC038A00574F94 /* Movie DB TestTests.xctest */,
				C1B5276422AC038A00574F94 /* Movie DB TestUITests.xctest */,
			);
			name = Products;
			sourceTree = "<group>";
		};
		C1B5274722AC038800574F94 /* Movie DB Test */ = {
			isa = PBXGroup;
			children = (
				C1B5274822AC038800574F94 /* AppDelegate.swift */,
				C1B5274A22AC038800574F94 /* ViewController.swift */,
				C1B5274C22AC038800574F94 /* Main.storyboard */,
				C1B5274F22AC038A00574F94 /* Assets.xcassets */,
				C1B5275122AC038A00574F94 /* LaunchScreen.storyboard */,
				C1B5275422AC038A00574F94 /* Info.plist */,
			);
			path = "Movie DB Test";
			sourceTree = "<group>";
		};
		C1B5275C22AC038A00574F94 /* Movie DB TestTests */ = {
			isa = PBXGroup;
			children = (
				C1B5275D22AC038A00574F94 /* Movie_DB_TestTests.swift */,
				C1B5275F22AC038A00574F94 /* Info.plist */,
			);
			path = "Movie DB TestTests";
			sourceTree = "<group>";
		};
		C1B5276722AC038A00574F94 /* Movie DB TestUITests */ = {
			isa = PBXGroup;
			children = (
				C1B5276822AC038A00574F94 /* Movie_DB_TestUITests.swift */,
				C1B5276A22AC038A00574F94 /* Info.plist */,
			);
			path = "Movie DB TestUITests";
			sourceTree = "<group>";
		};
/* End PBXGroup section */

/* Begin PBXNativeTarget section */
		C1B5274422AC038800574F94 /* Movie DB Test */ = {
			isa = PBXNativeTarget;
			buildConfigurationList = C1B5276D22AC038A00574F94 /* Build configuration list for PBXNativeTarget "Movie DB Test" */;
			buildPhases = (
				0B3A748AD6B602EDBA5E51AE /* [CP] Check Pods Manifest.lock */,
				C1B5274122AC038800574F94 /* Sources */,
				C1B5274222AC038800574F94 /* Frameworks */,
				C1B5274322AC038800574F94 /* Resources */,
			);
			buildRules = (
			);
			dependencies = (
			);
			name = "Movie DB Test";
			productName = "Movie DB Test";
			productReference = C1B5274522AC038800574F94 /* Movie DB Test.app */;
			productType = "com.apple.product-type.application";
		};
		C1B5275822AC038A00574F94 /* Movie DB TestTests */ = {
			isa = PBXNativeTarget;
			buildConfigurationList = C1B5277022AC038A00574F94 /* Build configuration list for PBXNativeTarget "Movie DB TestTests" */;
			buildPhases = (
				C147805A68201F7E6C6BACC2 /* [CP] Check Pods Manifest.lock */,
				C1B5275522AC038A00574F94 /* Sources */,
				C1B5275622AC038A00574F94 /* Frameworks */,
				C1B5275722AC038A00574F94 /* Resources */,
			);
			buildRules = (
			);
			dependencies = (
				C1B5275B22AC038A00574F94 /* PBXTargetDependency */,
			);
			name = "Movie DB TestTests";
			productName = "Movie DB TestTests";
			productReference = C1B5275922AC038A00574F94 /* Movie DB TestTests.xctest */;
			productType = "com.apple.product-type.bundle.unit-test";
		};
		C1B5276322AC038A00574F94 /* Movie DB TestUITests */ = {
			isa = PBXNativeTarget;
			buildConfigurationList = C1B5277322AC038A00574F94 /* Build configuration list for PBXNativeTarget "Movie DB TestUITests" */;
			buildPhases = (
				C96FA68DB88F6C0E282816FF /* [CP] Check Pods Manifest.lock */,
				C1B5276022AC038A00574F94 /* Sources */,
				C1B5276122AC038A00574F94 /* Frameworks */,
				C1B5276222AC038A00574F94 /* Resources */,
			);
			buildRules = (
			);
			dependencies = (
				C1B5276622AC038A00574F94 /* PBXTargetDependency */,
			);
			name = "Movie DB TestUITests";
			productName = "Movie DB TestUITests";
			productReference = C1B5276422AC038A00574F94 /* Movie DB TestUITests.xctest */;
			productType = "com.apple.product-type.bundle.ui-testing";
		};
/* End PBXNativeTarget section */

/* Begin PBXProject section */
		C1B5273D22AC038800574F94 /* Project object */ = {
			isa = PBXProject;
			attributes = {
				LastSwiftUpdateCheck = 1020;
				LastUpgradeCheck = 1020;
				ORGANIZATIONNAME = "John Edwin Guerrero Ayala";
				TargetAttributes = {
					C1B5274422AC038800574F94 = {
						CreatedOnToolsVersion = 10.2.1;
					};
					C1B5275822AC038A00574F94 = {
						CreatedOnToolsVersion = 10.2.1;
						TestTargetID = C1B5274422AC038800574F94;
					};
					C1B5276322AC038A00574F94 = {
						CreatedOnToolsVersion = 10.2.1;
						TestTargetID = C1B5274422AC038800574F94;
					};
				};
			};
			buildConfigurationList = C1B5274022AC038800574F94 /* Build configuration list for PBXProject "Movie DB Test" */;
			compatibilityVersion = "Xcode 9.3";
			developmentRegion = en;
			hasScannedForEncodings = 0;
			knownRegions = (
				en,
				Base,
			);
			mainGroup = C1B5273C22AC038800574F94;
			productRefGroup = C1B5274622AC038800574F94 /* Products */;
			projectDirPath = "";
			projectRoot = "";
			targets = (
				C1B5274422AC038800574F94 /* Movie DB Test */,
				C1B5275822AC038A00574F94 /* Movie DB TestTests */,
				C1B5276322AC038A00574F94 /* Movie DB TestUITests */,
			);
		};
/* End PBXProject section */

/* Begin PBXResourcesBuildPhase section */
		C1B5274322AC038800574F94 /* Resources */ = {
			isa = PBXResourcesBuildPhase;
			buildActionMask = 2147483647;
			files = (
				C1B5275322AC038A00574F94 /* LaunchScreen.storyboard in Resources */,
				C1B5275022AC038A00574F94 /* Assets.xcassets in Resources */,
				C1B5274E22AC038800574F94 /* Main.storyboard in Resources */,
			);
			runOnlyForDeploymentPostprocessing = 0;
		};
		C1B5275722AC038A00574F94 /* Resources */ = {
			isa = PBXResourcesBuildPhase;
			buildActionMask = 2147483647;
			files = (
			);
			runOnlyForDeploymentPostprocessing = 0;
		};
		C1B5276222AC038A00574F94 /* Resources */ = {
			isa = PBXResourcesBuildPhase;
			buildActionMask = 2147483647;
			files = (
			);
			runOnlyForDeploymentPostprocessing = 0;
		};
/* End PBXResourcesBuildPhase section */

/* Begin PBXShellScriptBuildPhase section */
		0B3A748AD6B602EDBA5E51AE /* [CP] Check Pods Manifest.lock */ = {
			isa = PBXShellScriptBuildPhase;
			buildActionMask = 2147483647;
			files = (
			);
			inputFileListPaths = (
			);
			inputPaths = (
				"${PODS_PODFILE_DIR_PATH}/Podfile.lock",
				"${PODS_ROOT}/Manifest.lock",
			);
			name = "[CP] Check Pods Manifest.lock";
			outputFileListPaths = (
			);
			outputPaths = (
				"$(DERIVED_FILE_DIR)/Pods-Movie DB Test-checkManifestLockResult.txt",
			);
			runOnlyForDeploymentPostprocessing = 0;
			shellPath = /bin/sh;
			shellScript = "diff \"${PODS_PODFILE_DIR_PATH}/Podfile.lock\" \"${PODS_ROOT}/Manifest.lock\" > /dev/null\nif [ $? != 0 ] ; then\n    # print error to STDERR\n    echo \"error: The sandbox is not in sync with the Podfile.lock. Run 'pod install' or update your CocoaPods installation.\" >&2\n    exit 1\nfi\n# This output is used by Xcode 'outputs' to avoid re-running this script phase.\necho \"SUCCESS\" > \"${SCRIPT_OUTPUT_FILE_0}\"\n";
			showEnvVarsInLog = 0;
		};
		C147805A68201F7E6C6BACC2 /* [CP] Check Pods Manifest.lock */ = {
			isa = PBXShellScriptBuildPhase;
			buildActionMask = 2147483647;
			files = (
			);
			inputFileListPaths = (
			);
			inputPaths = (
				"${PODS_PODFILE_DIR_PATH}/Podfile.lock",
				"${PODS_ROOT}/Manifest.lock",
			);
			name = "[CP] Check Pods Manifest.lock";
			outputFileListPaths = (
			);
			outputPaths = (
				"$(DERIVED_FILE_DIR)/Pods-Movie DB TestTests-checkManifestLockResult.txt",
			);
			runOnlyForDeploymentPostprocessing = 0;
			shellPath = /bin/sh;
			shellScript = "diff \"${PODS_PODFILE_DIR_PATH}/Podfile.lock\" \"${PODS_ROOT}/Manifest.lock\" > /dev/null\nif [ $? != 0 ] ; then\n    # print error to STDERR\n    echo \"error: The sandbox is not in sync with the Podfile.lock. Run 'pod install' or update your CocoaPods installation.\" >&2\n    exit 1\nfi\n# This output is used by Xcode 'outputs' to avoid re-running this script phase.\necho \"SUCCESS\" > \"${SCRIPT_OUTPUT_FILE_0}\"\n";
			showEnvVarsInLog = 0;
		};
		C96FA68DB88F6C0E282816FF /* [CP] Check Pods Manifest.lock */ = {
			isa = PBXShellScriptBuildPhase;
			buildActionMask = 2147483647;
			files = (
			);
			inputFileListPaths = (
			);
			inputPaths = (
				"${PODS_PODFILE_DIR_PATH}/Podfile.lock",
				"${PODS_ROOT}/Manifest.lock",
			);
			name = "[CP] Check Pods Manifest.lock";
			outputFileListPaths = (
			);
			outputPaths = (
				"$(DERIVED_FILE_DIR)/Pods-Movie DB TestUITests-checkManifestLockResult.txt",
			);
			runOnlyForDeploymentPostprocessing = 0;
			shellPath = /bin/sh;
			shellScript = "diff \"${PODS_PODFILE_DIR_PATH}/Podfile.lock\" \"${PODS_ROOT}/Manifest.lock\" > /dev/null\nif [ $? != 0 ] ; then\n    # print error to STDERR\n    echo \"error: The sandbox is not in sync with the Podfile.lock. Run 'pod install' or update your CocoaPods installation.\" >&2\n    exit 1\nfi\n# This output is used by Xcode 'outputs' to avoid re-running this script phase.\necho \"SUCCESS\" > \"${SCRIPT_OUTPUT_FILE_0}\"\n";
			showEnvVarsInLog = 0;
		};
/* End PBXShellScriptBuildPhase section */

/* Begin PBXSourcesBuildPhase section */
		C1B5274122AC038800574F94 /* Sources */ = {
			isa = PBXSourcesBuildPhase;
			buildActionMask = 2147483647;
			files = (
				C1B5274B22AC038800574F94 /* ViewController.swift in Sources */,
				C1B5274922AC038800574F94 /* AppDelegate.swift in Sources */,
			);
			runOnlyForDeploymentPostprocessing = 0;
		};
		C1B5275522AC038A00574F94 /* Sources */ = {
			isa = PBXSourcesBuildPhase;
			buildActionMask = 2147483647;
			files = (
				C1B5275E22AC038A00574F94 /* Movie_DB_TestTests.swift in Sources */,
			);
			runOnlyForDeploymentPostprocessing = 0;
		};
		C1B5276022AC038A00574F94 /* Sources */ = {
			isa = PBXSourcesBuildPhase;
			buildActionMask = 2147483647;
			files = (
				C1B5276922AC038A00574F94 /* Movie_DB_TestUITests.swift in Sources */,
			);
			runOnlyForDeploymentPostprocessing = 0;
		};
/* End PBXSourcesBuildPhase section */

/* Begin PBXTargetDependency section */
		C1B5275B22AC038A00574F94 /* PBXTargetDependency */ = {
			isa = PBXTargetDependency;
			target = C1B5274422AC038800574F94 /* Movie DB Test */;
			targetProxy = C1B5275A22AC038A00574F94 /* PBXContainerItemProxy */;
		};
		C1B5276622AC038A00574F94 /* PBXTargetDependency */ = {
			isa = PBXTargetDependency;
			target = C1B5274422AC038800574F94 /* Movie DB Test */;
			targetProxy = C1B5276522AC038A00574F94 /* PBXContainerItemProxy */;
		};
/* End PBXTargetDependency section */

/* Begin PBXVariantGroup section */
		C1B5274C22AC038800574F94 /* Main.storyboard */ = {
			isa = PBXVariantGroup;
			children = (
				C1B5274D22AC038800574F94 /* Base */,
			);
			name = Main.storyboard;
			sourceTree = "<group>";
		};
		C1B5275122AC038A00574F94 /* LaunchScreen.storyboard */ = {
			isa = PBXVariantGroup;
			children = (
				C1B5275222AC038A00574F94 /* Base */,
			);
			name = LaunchScreen.storyboard;
			sourceTree = "<group>";
		};
/* End PBXVariantGroup section */

/* Begin XCBuildConfiguration section */
		C1B5276B22AC038A00574F94 /* Debug */ = {
			isa = XCBuildConfiguration;
			buildSettings = {
				ALWAYS_SEARCH_USER_PATHS = NO;
				CLANG_ANALYZER_NONNULL = YES;
				CLANG_ANALYZER_NUMBER_OBJECT_CONVERSION = YES_AGGRESSIVE;
				CLANG_CXX_LANGUAGE_STANDARD = "gnu++14";
				CLANG_CXX_LIBRARY = "libc++";
				CLANG_ENABLE_MODULES = YES;
				CLANG_ENABLE_OBJC_ARC = YES;
				CLANG_ENABLE_OBJC_WEAK = YES;
				CLANG_WARN_BLOCK_CAPTURE_AUTORELEASING = YES;
				CLANG_WARN_BOOL_CONVERSION = YES;
				CLANG_WARN_COMMA = YES;
				CLANG_WARN_CONSTANT_CONVERSION = YES;
				CLANG_WARN_DEPRECATED_OBJC_IMPLEMENTATIONS = YES;
				CLANG_WARN_DIRECT_OBJC_ISA_USAGE = YES_ERROR;
				CLANG_WARN_DOCUMENTATION_COMMENTS = YES;
				CLANG_WARN_EMPTY_BODY = YES;
				CLANG_WARN_ENUM_CONVERSION = YES;
				CLANG_WARN_INFINITE_RECURSION = YES;
				CLANG_WARN_INT_CONVERSION = YES;
				CLANG_WARN_NON_LITERAL_NULL_CONVERSION = YES;
				CLANG_WARN_OBJC_IMPLICIT_RETAIN_SELF = YES;
				CLANG_WARN_OBJC_LITERAL_CONVERSION = YES;
				CLANG_WARN_OBJC_ROOT_CLASS = YES_ERROR;
				CLANG_WARN_RANGE_LOOP_ANALYSIS = YES;
				CLANG_WARN_STRICT_PROTOTYPES = YES;
				CLANG_WARN_SUSPICIOUS_MOVE = YES;
				CLANG_WARN_UNGUARDED_AVAILABILITY = YES_AGGRESSIVE;
				CLANG_WARN_UNREACHABLE_CODE = YES;
				CLANG_WARN__DUPLICATE_METHOD_MATCH = YES;
				CODE_SIGN_IDENTITY = "iPhone Developer";
				COPY_PHASE_STRIP = NO;
				DEBUG_INFORMATION_FORMAT = dwarf;
				ENABLE_STRICT_OBJC_MSGSEND = YES;
				ENABLE_TESTABILITY = YES;
				GCC_C_LANGUAGE_STANDARD = gnu11;
				GCC_DYNAMIC_NO_PIC = NO;
				GCC_NO_COMMON_BLOCKS = YES;
				GCC_OPTIMIZATION_LEVEL = 0;
				GCC_PREPROCESSOR_DEFINITIONS = (
					"DEBUG=1",
					"$(inherited)",
				);
				GCC_WARN_64_TO_32_BIT_CONVERSION = YES;
				GCC_WARN_ABOUT_RETURN_TYPE = YES_ERROR;
				GCC_WARN_UNDECLARED_SELECTOR = YES;
				GCC_WARN_UNINITIALIZED_AUTOS = YES_AGGRESSIVE;
				GCC_WARN_UNUSED_FUNCTION = YES;
				GCC_WARN_UNUSED_VARIABLE = YES;
				IPHONEOS_DEPLOYMENT_TARGET = 12.2;
				MTL_ENABLE_DEBUG_INFO = INCLUDE_SOURCE;
				MTL_FAST_MATH = YES;
				ONLY_ACTIVE_ARCH = YES;
				SDKROOT = iphoneos;
				SWIFT_ACTIVE_COMPILATION_CONDITIONS = DEBUG;
				SWIFT_OPTIMIZATION_LEVEL = "-Onone";
			};
			name = Debug;
		};
		C1B5276C22AC038A00574F94 /* Release */ = {
			isa = XCBuildConfiguration;
			buildSettings = {
				ALWAYS_SEARCH_USER_PATHS = NO;
				CLANG_ANALYZER_NONNULL = YES;
				CLANG_ANALYZER_NUMBER_OBJECT_CONVERSION = YES_AGGRESSIVE;
				CLANG_CXX_LANGUAGE_STANDARD = "gnu++14";
				CLANG_CXX_LIBRARY = "libc++";
				CLANG_ENABLE_MODULES = YES;
				CLANG_ENABLE_OBJC_ARC = YES;
				CLANG_ENABLE_OBJC_WEAK = YES;
				CLANG_WARN_BLOCK_CAPTURE_AUTORELEASING = YES;
				CLANG_WARN_BOOL_CONVERSION = YES;
				CLANG_WARN_COMMA = YES;
				CLANG_WARN_CONSTANT_CONVERSION = YES;
				CLANG_WARN_DEPRECATED_OBJC_IMPLEMENTATIONS = YES;
				CLANG_WARN_DIRECT_OBJC_ISA_USAGE = YES_ERROR;
				CLANG_WARN_DOCUMENTATION_COMMENTS = YES;
				CLANG_WARN_EMPTY_BODY = YES;
				CLANG_WARN_ENUM_CONVERSION = YES;
				CLANG_WARN_INFINITE_RECURSION = YES;
				CLANG_WARN_INT_CONVERSION = YES;
				CLANG_WARN_NON_LITERAL_NULL_CONVERSION = YES;
				CLANG_WARN_OBJC_IMPLICIT_RETAIN_SELF = YES;
				CLANG_WARN_OBJC_LITERAL_CONVERSION = YES;
				CLANG_WARN_OBJC_ROOT_CLASS = YES_ERROR;
				CLANG_WARN_RANGE_LOOP_ANALYSIS = YES;
				CLANG_WARN_STRICT_PROTOTYPES = YES;
				CLANG_WARN_SUSPICIOUS_MOVE = YES;
				CLANG_WARN_UNGUARDED_AVAILABILITY = YES_AGGRESSIVE;
				CLANG_WARN_UNREACHABLE_CODE = YES;
				CLANG_WARN__DUPLICATE_METHOD_MATCH = YES;
				CODE_SIGN_IDENTITY = "iPhone Developer";
				COPY_PHASE_STRIP = NO;
				DEBUG_INFORMATION_FORMAT = "dwarf-with-dsym";
				ENABLE_NS_ASSERTIONS = NO;
				ENABLE_STRICT_OBJC_MSGSEND = YES;
				GCC_C_LANGUAGE_STANDARD = gnu11;
				GCC_NO_COMMON_BLOCKS = YES;
				GCC_WARN_64_TO_32_BIT_CONVERSION = YES;
				GCC_WARN_ABOUT_RETURN_TYPE = YES_ERROR;
				GCC_WARN_UNDECLARED_SELECTOR = YES;
				GCC_WARN_UNINITIALIZED_AUTOS = YES_AGGRESSIVE;
				GCC_WARN_UNUSED_FUNCTION = YES;
				GCC_WARN_UNUSED_VARIABLE = YES;
				IPHONEOS_DEPLOYMENT_TARGET = 12.2;
				MTL_ENABLE_DEBUG_INFO = NO;
				MTL_FAST_MATH = YES;
				SDKROOT = iphoneos;
				SWIFT_COMPILATION_MODE = wholemodule;
				SWIFT_OPTIMIZATION_LEVEL = "-O";
				VALIDATE_PRODUCT = YES;
			};
			name = Release;
		};
		C1B5276E22AC038A00574F94 /* Debug */ = {
			isa = XCBuildConfiguration;
			baseConfigurationReference = BE3BC7F1D8655BD216BDA584 /* Pods-Movie DB Test.debug.xcconfig */;
			buildSettings = {
				ASSETCATALOG_COMPILER_APPICON_NAME = AppIcon;
				CODE_SIGN_STYLE = Automatic;
				DEVELOPMENT_TEAM = 8R2D9WN3M3;
				INFOPLIST_FILE = "Movie DB Test/Info.plist";
				LD_RUNPATH_SEARCH_PATHS = (
					"$(inherited)",
					"@executable_path/Frameworks",
				);
				PRODUCT_BUNDLE_IDENTIFIER = "com.ingjohnguerrero.Movie-DB-Test";
				PRODUCT_NAME = "$(TARGET_NAME)";
				SWIFT_VERSION = 5.0;
				TARGETED_DEVICE_FAMILY = "1,2";
			};
			name = Debug;
		};
		C1B5276F22AC038A00574F94 /* Release */ = {
			isa = XCBuildConfiguration;
			baseConfigurationReference = EA4448BA1FF56CFE66B86F36 /* Pods-Movie DB Test.release.xcconfig */;
			buildSettings = {
				ASSETCATALOG_COMPILER_APPICON_NAME = AppIcon;
				CODE_SIGN_STYLE = Automatic;
				DEVELOPMENT_TEAM = 8R2D9WN3M3;
				INFOPLIST_FILE = "Movie DB Test/Info.plist";
				LD_RUNPATH_SEARCH_PATHS = (
					"$(inherited)",
					"@executable_path/Frameworks",
				);
				PRODUCT_BUNDLE_IDENTIFIER = "com.ingjohnguerrero.Movie-DB-Test";
				PRODUCT_NAME = "$(TARGET_NAME)";
				SWIFT_VERSION = 5.0;
				TARGETED_DEVICE_FAMILY = "1,2";
			};
			name = Release;
		};
		C1B5277122AC038A00574F94 /* Debug */ = {
			isa = XCBuildConfiguration;
			baseConfigurationReference = B46484CD6557515F90760C4F /* Pods-Movie DB TestTests.debug.xcconfig */;
			buildSettings = {
				ALWAYS_EMBED_SWIFT_STANDARD_LIBRARIES = YES;
				BUNDLE_LOADER = "$(TEST_HOST)";
				CODE_SIGN_STYLE = Automatic;
				DEVELOPMENT_TEAM = 8R2D9WN3M3;
				INFOPLIST_FILE = "Movie DB TestTests/Info.plist";
				LD_RUNPATH_SEARCH_PATHS = (
					"$(inherited)",
					"@executable_path/Frameworks",
					"@loader_path/Frameworks",
				);
				PRODUCT_BUNDLE_IDENTIFIER = "com.ingjohnguerrero.Movie-DB-TestTests";
				PRODUCT_NAME = "$(TARGET_NAME)";
				SWIFT_VERSION = 5.0;
				TARGETED_DEVICE_FAMILY = "1,2";
				TEST_HOST = "$(BUILT_PRODUCTS_DIR)/Movie DB Test.app/Movie DB Test";
			};
			name = Debug;
		};
		C1B5277222AC038A00574F94 /* Release */ = {
			isa = XCBuildConfiguration;
			baseConfigurationReference = 58F3EF60F3CD40FC34EB6361 /* Pods-Movie DB TestTests.release.xcconfig */;
			buildSettings = {
				ALWAYS_EMBED_SWIFT_STANDARD_LIBRARIES = YES;
				BUNDLE_LOADER = "$(TEST_HOST)";
				CODE_SIGN_STYLE = Automatic;
				DEVELOPMENT_TEAM = 8R2D9WN3M3;
				INFOPLIST_FILE = "Movie DB TestTests/Info.plist";
				LD_RUNPATH_SEARCH_PATHS = (
					"$(inherited)",
					"@executable_path/Frameworks",
					"@loader_path/Frameworks",
				);
				PRODUCT_BUNDLE_IDENTIFIER = "com.ingjohnguerrero.Movie-DB-TestTests";
				PRODUCT_NAME = "$(TARGET_NAME)";
				SWIFT_VERSION = 5.0;
				TARGETED_DEVICE_FAMILY = "1,2";
				TEST_HOST = "$(BUILT_PRODUCTS_DIR)/Movie DB Test.app/Movie DB Test";
			};
			name = Release;
		};
		C1B5277422AC038A00574F94 /* Debug */ = {
			isa = XCBuildConfiguration;
			baseConfigurationReference = 9038BF6379EE2F5A39BD7CD4 /* Pods-Movie DB TestUITests.debug.xcconfig */;
			buildSettings = {
				ALWAYS_EMBED_SWIFT_STANDARD_LIBRARIES = YES;
				CODE_SIGN_STYLE = Automatic;
				DEVELOPMENT_TEAM = 8R2D9WN3M3;
				INFOPLIST_FILE = "Movie DB TestUITests/Info.plist";
				LD_RUNPATH_SEARCH_PATHS = (
					"$(inherited)",
					"@executable_path/Frameworks",
					"@loader_path/Frameworks",
				);
				PRODUCT_BUNDLE_IDENTIFIER = "com.ingjohnguerrero.Movie-DB-TestUITests";
				PRODUCT_NAME = "$(TARGET_NAME)";
				SWIFT_VERSION = 5.0;
				TARGETED_DEVICE_FAMILY = "1,2";
				TEST_TARGET_NAME = "Movie DB Test";
			};
			name = Debug;
		};
		C1B5277522AC038A00574F94 /* Release */ = {
			isa = XCBuildConfiguration;
			baseConfigurationReference = 611AB1845D5539D4657A4BBC /* Pods-Movie DB TestUITests.release.xcconfig */;
			buildSettings = {
				ALWAYS_EMBED_SWIFT_STANDARD_LIBRARIES = YES;
				CODE_SIGN_STYLE = Automatic;
				DEVELOPMENT_TEAM = 8R2D9WN3M3;
				INFOPLIST_FILE = "Movie DB TestUITests/Info.plist";
				LD_RUNPATH_SEARCH_PATHS = (
					"$(inherited)",
					"@executable_path/Frameworks",
					"@loader_path/Frameworks",
				);
				PRODUCT_BUNDLE_IDENTIFIER = "com.ingjohnguerrero.Movie-DB-TestUITests";
				PRODUCT_NAME = "$(TARGET_NAME)";
				SWIFT_VERSION = 5.0;
				TARGETED_DEVICE_FAMILY = "1,2";
				TEST_TARGET_NAME = "Movie DB Test";
			};
			name = Release;
		};
/* End XCBuildConfiguration section */

/* Begin XCConfigurationList section */
		C1B5274022AC038800574F94 /* Build configuration list for PBXProject "Movie DB Test" */ = {
			isa = XCConfigurationList;
			buildConfigurations = (
				C1B5276B22AC038A00574F94 /* Debug */,
				C1B5276C22AC038A00574F94 /* Release */,
			);
			defaultConfigurationIsVisible = 0;
			defaultConfigurationName = Release;
		};
		C1B5276D22AC038A00574F94 /* Build configuration list for PBXNativeTarget "Movie DB Test" */ = {
			isa = XCConfigurationList;
			buildConfigurations = (
				C1B5276E22AC038A00574F94 /* Debug */,
				C1B5276F22AC038A00574F94 /* Release */,
			);
			defaultConfigurationIsVisible = 0;
			defaultConfigurationName = Release;
		};
		C1B5277022AC038A00574F94 /* Build configuration list for PBXNativeTarget "Movie DB TestTests" */ = {
			isa = XCConfigurationList;
			buildConfigurations = (
				C1B5277122AC038A00574F94 /* Debug */,
				C1B5277222AC038A00574F94 /* Release */,
			);
			defaultConfigurationIsVisible = 0;
			defaultConfigurationName = Release;
		};
		C1B5277322AC038A00574F94 /* Build configuration list for PBXNativeTarget "Movie DB TestUITests" */ = {
			isa = XCConfigurationList;
			buildConfigurations = (
				C1B5277422AC038A00574F94 /* Debug */,
				C1B5277522AC038A00574F94 /* Release */,
			);
			defaultConfigurationIsVisible = 0;
			defaultConfigurationName = Release;
		};
/* End XCConfigurationList section */
	};
	rootObject = C1B5273D22AC038800574F94 /* Project object */;
}
