// !$*UTF8*$!
{
	archiveVersion = 1;
	classes = {
	};
	objectVersion = 51;
	objects = {

/* Begin PBXBuildFile section */
		6C33BE74DD17D7DA772BCF31 /* Pods_Movie_DB_Test.framework in Frameworks */ = {isa = PBXBuildFile; fileRef = 162E3D785CC108ED7CD468E3 /* Pods_Movie_DB_Test.framework */; };
		C122A72322AD3BC1004DD1CC /* MovieDetailViewTests.swift in Sources */ = {isa = PBXBuildFile; fileRef = C122A72222AD3BC1004DD1CC /* MovieDetailViewTests.swift */; };
		C13140D122AC3870004AF773 /* MovieCollectionModuleInterfaces.swift in Sources */ = {isa = PBXBuildFile; fileRef = C13140CB22AC3870004AF773 /* MovieCollectionModuleInterfaces.swift */; };
		C13140D222AC3870004AF773 /* MovieCollectionModulePresenter.swift in Sources */ = {isa = PBXBuildFile; fileRef = C13140CC22AC3870004AF773 /* MovieCollectionModulePresenter.swift */; };
		C13140D322AC3870004AF773 /* MovieCollectionModuleViewController.swift in Sources */ = {isa = PBXBuildFile; fileRef = C13140CD22AC3870004AF773 /* MovieCollectionModuleViewController.swift */; };
		C13140D422AC3870004AF773 /* MovieCollectionModuleFormatter.swift in Sources */ = {isa = PBXBuildFile; fileRef = C13140CE22AC3870004AF773 /* MovieCollectionModuleFormatter.swift */; };
		C13140D522AC3870004AF773 /* MovieCollectionModuleInteractor.swift in Sources */ = {isa = PBXBuildFile; fileRef = C13140CF22AC3870004AF773 /* MovieCollectionModuleInteractor.swift */; };
		C13140D622AC3870004AF773 /* MovieCollectionModuleWireframe.swift in Sources */ = {isa = PBXBuildFile; fileRef = C13140D022AC3870004AF773 /* MovieCollectionModuleWireframe.swift */; };
		C13140DE22AC38A0004AF773 /* PresenterInterface.swift in Sources */ = {isa = PBXBuildFile; fileRef = C13140D822AC38A0004AF773 /* PresenterInterface.swift */; };
		C13140DF22AC38A0004AF773 /* BaseWireframe.swift in Sources */ = {isa = PBXBuildFile; fileRef = C13140D922AC38A0004AF773 /* BaseWireframe.swift */; };
		C13140E022AC38A0004AF773 /* FormatterInterface.swift in Sources */ = {isa = PBXBuildFile; fileRef = C13140DA22AC38A0004AF773 /* FormatterInterface.swift */; };
		C13140E122AC38A0004AF773 /* UIStoryboardExtension.swift in Sources */ = {isa = PBXBuildFile; fileRef = C13140DB22AC38A0004AF773 /* UIStoryboardExtension.swift */; };
		C13140E222AC38A0004AF773 /* InteractorInterface.swift in Sources */ = {isa = PBXBuildFile; fileRef = C13140DC22AC38A0004AF773 /* InteractorInterface.swift */; };
		C13140E322AC38A0004AF773 /* ViewInterface.swift in Sources */ = {isa = PBXBuildFile; fileRef = C13140DD22AC38A0004AF773 /* ViewInterface.swift */; };
		C13140E522ACA544004AF773 /* MovieCollectionViewTests.swift in Sources */ = {isa = PBXBuildFile; fileRef = C13140E422ACA544004AF773 /* MovieCollectionViewTests.swift */; };
		C13140F422ACDA6D004AF773 /* MovieDetailModuleInterfaces.swift in Sources */ = {isa = PBXBuildFile; fileRef = C13140EE22ACDA6D004AF773 /* MovieDetailModuleInterfaces.swift */; };
		C13140F522ACDA6D004AF773 /* MovieDetailModulePresenter.swift in Sources */ = {isa = PBXBuildFile; fileRef = C13140EF22ACDA6D004AF773 /* MovieDetailModulePresenter.swift */; };
		C13140F622ACDA6D004AF773 /* MovieDetailModuleViewController.swift in Sources */ = {isa = PBXBuildFile; fileRef = C13140F022ACDA6D004AF773 /* MovieDetailModuleViewController.swift */; };
		C13140F722ACDA6D004AF773 /* MovieDetailModuleFormatter.swift in Sources */ = {isa = PBXBuildFile; fileRef = C13140F122ACDA6D004AF773 /* MovieDetailModuleFormatter.swift */; };
		C13140F822ACDA6D004AF773 /* MovieDetailModuleInteractor.swift in Sources */ = {isa = PBXBuildFile; fileRef = C13140F222ACDA6D004AF773 /* MovieDetailModuleInteractor.swift */; };
		C13140F922ACDA6D004AF773 /* MovieDetailModuleWireframe.swift in Sources */ = {isa = PBXBuildFile; fileRef = C13140F322ACDA6D004AF773 /* MovieDetailModuleWireframe.swift */; };
		C14666B422AEAAF40079CD7F /* ApiClientTests.swift in Sources */ = {isa = PBXBuildFile; fileRef = C14666B322AEAAF40079CD7F /* ApiClientTests.swift */; };
		C14666B622AEBB540079CD7F /* ApiGenres.swift in Sources */ = {isa = PBXBuildFile; fileRef = C14666B522AEBB540079CD7F /* ApiGenres.swift */; };
		C148C8BA22AC10ED00D036C0 /* MovieCollectionViewCell.swift in Sources */ = {isa = PBXBuildFile; fileRef = C148C8B822AC10ED00D036C0 /* MovieCollectionViewCell.swift */; };
		C148C8BB22AC10ED00D036C0 /* MovieCollectionViewCell.xib in Resources */ = {isa = PBXBuildFile; fileRef = C148C8B922AC10ED00D036C0 /* MovieCollectionViewCell.xib */; };
		C14F8BF122AE985A00A4AE55 /* MovieService.swift in Sources */ = {isa = PBXBuildFile; fileRef = C14F8BF022AE985A00A4AE55 /* MovieService.swift */; };
		C14F8BF422AE9BBB00A4AE55 /* ApiMovie.swift in Sources */ = {isa = PBXBuildFile; fileRef = C14F8BF322AE9BBA00A4AE55 /* ApiMovie.swift */; };
		C14F8BF622AE9EA800A4AE55 /* AlamofireMovieService.swift in Sources */ = {isa = PBXBuildFile; fileRef = C14F8BF522AE9EA800A4AE55 /* AlamofireMovieService.swift */; };
		C19532E322ADAC25006FE505 /* MovieModelTests.swift in Sources */ = {isa = PBXBuildFile; fileRef = C19532E222ADAC25006FE505 /* MovieModelTests.swift */; };
		C19532E522ADACC0006FE505 /* Movie.swift in Sources */ = {isa = PBXBuildFile; fileRef = C19532E422ADACC0006FE505 /* Movie.swift */; };
		C19532E922ADC661006FE505 /* GenreModelTests.swift in Sources */ = {isa = PBXBuildFile; fileRef = C19532E822ADC661006FE505 /* GenreModelTests.swift */; };
		C19532EB22ADD0A8006FE505 /* Genre.swift in Sources */ = {isa = PBXBuildFile; fileRef = C19532EA22ADD0A8006FE505 /* Genre.swift */; };
		C19532F322ADD8E0006FE505 /* MovieManagerTests.swift in Sources */ = {isa = PBXBuildFile; fileRef = C19532F222ADD8E0006FE505 /* MovieManagerTests.swift */; };
		C19532F722AE75D0006FE505 /* Contants.swift in Sources */ = {isa = PBXBuildFile; fileRef = C19532F622AE75D0006FE505 /* Contants.swift */; };
		C19532FA22AE881C006FE505 /* AlamofireService.swift in Sources */ = {isa = PBXBuildFile; fileRef = C19532F922AE881C006FE505 /* AlamofireService.swift */; };
		C19532FC22AE88A0006FE505 /* ApiEnvironment.swift in Sources */ = {isa = PBXBuildFile; fileRef = C19532FB22AE88A0006FE505 /* ApiEnvironment.swift */; };
		C19532FE22AE8918006FE505 /* ApiRoute.swift in Sources */ = {isa = PBXBuildFile; fileRef = C19532FD22AE8918006FE505 /* ApiRoute.swift */; };
		C195330122AE8C30006FE505 /* ApiContext.swift in Sources */ = {isa = PBXBuildFile; fileRef = C195330022AE8C30006FE505 /* ApiContext.swift */; };
		C195330322AE8C5A006FE505 /* NonPersistantApiContext.swift in Sources */ = {isa = PBXBuildFile; fileRef = C195330222AE8C5A006FE505 /* NonPersistantApiContext.swift */; };
		C1B5274922AC038800574F94 /* AppDelegate.swift in Sources */ = {isa = PBXBuildFile; fileRef = C1B5274822AC038800574F94 /* AppDelegate.swift */; };
		C1B5274E22AC038800574F94 /* Main.storyboard in Resources */ = {isa = PBXBuildFile; fileRef = C1B5274C22AC038800574F94 /* Main.storyboard */; };
		C1B5275022AC038A00574F94 /* Assets.xcassets in Resources */ = {isa = PBXBuildFile; fileRef = C1B5274F22AC038A00574F94 /* Assets.xcassets */; };
		C1B5275322AC038A00574F94 /* LaunchScreen.storyboard in Resources */ = {isa = PBXBuildFile; fileRef = C1B5275122AC038A00574F94 /* LaunchScreen.storyboard */; };
		C1B5275E22AC038A00574F94 /* MovieDBTestTests.swift in Sources */ = {isa = PBXBuildFile; fileRef = C1B5275D22AC038A00574F94 /* MovieDBTestTests.swift */; };
		C389BC7273C631B895C98941 /* Pods_Movie_DB_TestTests.framework in Frameworks */ = {isa = PBXBuildFile; fileRef = A50DCF8E349126C9E89156D4 /* Pods_Movie_DB_TestTests.framework */; };
/* End PBXBuildFile section */

/* Begin PBXContainerItemProxy section */
		C1B5275A22AC038A00574F94 /* PBXContainerItemProxy */ = {
			isa = PBXContainerItemProxy;
			containerPortal = C1B5273D22AC038800574F94 /* Project object */;
			proxyType = 1;
			remoteGlobalIDString = C1B5274422AC038800574F94;
			remoteInfo = "Movie DB Test";
		};
/* End PBXContainerItemProxy section */

/* Begin PBXFileReference section */
		02FC96CE5C6D01487A588236 /* Pods_Movie_DB_TestUITests.framework */ = {isa = PBXFileReference; explicitFileType = wrapper.framework; includeInIndex = 0; path = Pods_Movie_DB_TestUITests.framework; sourceTree = BUILT_PRODUCTS_DIR; };
		162E3D785CC108ED7CD468E3 /* Pods_Movie_DB_Test.framework */ = {isa = PBXFileReference; explicitFileType = wrapper.framework; includeInIndex = 0; path = Pods_Movie_DB_Test.framework; sourceTree = BUILT_PRODUCTS_DIR; };
		58F3EF60F3CD40FC34EB6361 /* Pods-Movie DB TestTests.release.xcconfig */ = {isa = PBXFileReference; includeInIndex = 1; lastKnownFileType = text.xcconfig; name = "Pods-Movie DB TestTests.release.xcconfig"; path = "Target Support Files/Pods-Movie DB TestTests/Pods-Movie DB TestTests.release.xcconfig"; sourceTree = "<group>"; };
		611AB1845D5539D4657A4BBC /* Pods-Movie DB TestUITests.release.xcconfig */ = {isa = PBXFileReference; includeInIndex = 1; lastKnownFileType = text.xcconfig; name = "Pods-Movie DB TestUITests.release.xcconfig"; path = "Target Support Files/Pods-Movie DB TestUITests/Pods-Movie DB TestUITests.release.xcconfig"; sourceTree = "<group>"; };
		9038BF6379EE2F5A39BD7CD4 /* Pods-Movie DB TestUITests.debug.xcconfig */ = {isa = PBXFileReference; includeInIndex = 1; lastKnownFileType = text.xcconfig; name = "Pods-Movie DB TestUITests.debug.xcconfig"; path = "Target Support Files/Pods-Movie DB TestUITests/Pods-Movie DB TestUITests.debug.xcconfig"; sourceTree = "<group>"; };
		A50DCF8E349126C9E89156D4 /* Pods_Movie_DB_TestTests.framework */ = {isa = PBXFileReference; explicitFileType = wrapper.framework; includeInIndex = 0; path = Pods_Movie_DB_TestTests.framework; sourceTree = BUILT_PRODUCTS_DIR; };
		B46484CD6557515F90760C4F /* Pods-Movie DB TestTests.debug.xcconfig */ = {isa = PBXFileReference; includeInIndex = 1; lastKnownFileType = text.xcconfig; name = "Pods-Movie DB TestTests.debug.xcconfig"; path = "Target Support Files/Pods-Movie DB TestTests/Pods-Movie DB TestTests.debug.xcconfig"; sourceTree = "<group>"; };
		BE3BC7F1D8655BD216BDA584 /* Pods-Movie DB Test.debug.xcconfig */ = {isa = PBXFileReference; includeInIndex = 1; lastKnownFileType = text.xcconfig; name = "Pods-Movie DB Test.debug.xcconfig"; path = "Target Support Files/Pods-Movie DB Test/Pods-Movie DB Test.debug.xcconfig"; sourceTree = "<group>"; };
		C122A72222AD3BC1004DD1CC /* MovieDetailViewTests.swift */ = {isa = PBXFileReference; lastKnownFileType = sourcecode.swift; path = MovieDetailViewTests.swift; sourceTree = "<group>"; };
		C13140CB22AC3870004AF773 /* MovieCollectionModuleInterfaces.swift */ = {isa = PBXFileReference; lastKnownFileType = sourcecode.swift; path = MovieCollectionModuleInterfaces.swift; sourceTree = "<group>"; };
		C13140CC22AC3870004AF773 /* MovieCollectionModulePresenter.swift */ = {isa = PBXFileReference; lastKnownFileType = sourcecode.swift; path = MovieCollectionModulePresenter.swift; sourceTree = "<group>"; };
		C13140CD22AC3870004AF773 /* MovieCollectionModuleViewController.swift */ = {isa = PBXFileReference; lastKnownFileType = sourcecode.swift; path = MovieCollectionModuleViewController.swift; sourceTree = "<group>"; };
		C13140CE22AC3870004AF773 /* MovieCollectionModuleFormatter.swift */ = {isa = PBXFileReference; lastKnownFileType = sourcecode.swift; path = MovieCollectionModuleFormatter.swift; sourceTree = "<group>"; };
		C13140CF22AC3870004AF773 /* MovieCollectionModuleInteractor.swift */ = {isa = PBXFileReference; lastKnownFileType = sourcecode.swift; path = MovieCollectionModuleInteractor.swift; sourceTree = "<group>"; };
		C13140D022AC3870004AF773 /* MovieCollectionModuleWireframe.swift */ = {isa = PBXFileReference; lastKnownFileType = sourcecode.swift; path = MovieCollectionModuleWireframe.swift; sourceTree = "<group>"; };
		C13140D822AC38A0004AF773 /* PresenterInterface.swift */ = {isa = PBXFileReference; fileEncoding = 4; lastKnownFileType = sourcecode.swift; path = PresenterInterface.swift; sourceTree = "<group>"; };
		C13140D922AC38A0004AF773 /* BaseWireframe.swift */ = {isa = PBXFileReference; fileEncoding = 4; lastKnownFileType = sourcecode.swift; path = BaseWireframe.swift; sourceTree = "<group>"; };
		C13140DA22AC38A0004AF773 /* FormatterInterface.swift */ = {isa = PBXFileReference; fileEncoding = 4; lastKnownFileType = sourcecode.swift; path = FormatterInterface.swift; sourceTree = "<group>"; };
		C13140DB22AC38A0004AF773 /* UIStoryboardExtension.swift */ = {isa = PBXFileReference; fileEncoding = 4; lastKnownFileType = sourcecode.swift; path = UIStoryboardExtension.swift; sourceTree = "<group>"; };
		C13140DC22AC38A0004AF773 /* InteractorInterface.swift */ = {isa = PBXFileReference; fileEncoding = 4; lastKnownFileType = sourcecode.swift; path = InteractorInterface.swift; sourceTree = "<group>"; };
		C13140DD22AC38A0004AF773 /* ViewInterface.swift */ = {isa = PBXFileReference; fileEncoding = 4; lastKnownFileType = sourcecode.swift; path = ViewInterface.swift; sourceTree = "<group>"; };
		C13140E422ACA544004AF773 /* MovieCollectionViewTests.swift */ = {isa = PBXFileReference; lastKnownFileType = sourcecode.swift; path = MovieCollectionViewTests.swift; sourceTree = "<group>"; };
		C13140EE22ACDA6D004AF773 /* MovieDetailModuleInterfaces.swift */ = {isa = PBXFileReference; lastKnownFileType = sourcecode.swift; path = MovieDetailModuleInterfaces.swift; sourceTree = "<group>"; };
		C13140EF22ACDA6D004AF773 /* MovieDetailModulePresenter.swift */ = {isa = PBXFileReference; lastKnownFileType = sourcecode.swift; path = MovieDetailModulePresenter.swift; sourceTree = "<group>"; };
		C13140F022ACDA6D004AF773 /* MovieDetailModuleViewController.swift */ = {isa = PBXFileReference; lastKnownFileType = sourcecode.swift; path = MovieDetailModuleViewController.swift; sourceTree = "<group>"; };
		C13140F122ACDA6D004AF773 /* MovieDetailModuleFormatter.swift */ = {isa = PBXFileReference; lastKnownFileType = sourcecode.swift; path = MovieDetailModuleFormatter.swift; sourceTree = "<group>"; };
		C13140F222ACDA6D004AF773 /* MovieDetailModuleInteractor.swift */ = {isa = PBXFileReference; lastKnownFileType = sourcecode.swift; path = MovieDetailModuleInteractor.swift; sourceTree = "<group>"; };
		C13140F322ACDA6D004AF773 /* MovieDetailModuleWireframe.swift */ = {isa = PBXFileReference; lastKnownFileType = sourcecode.swift; path = MovieDetailModuleWireframe.swift; sourceTree = "<group>"; };
		C14666B322AEAAF40079CD7F /* ApiClientTests.swift */ = {isa = PBXFileReference; lastKnownFileType = sourcecode.swift; path = ApiClientTests.swift; sourceTree = "<group>"; };
		C14666B522AEBB540079CD7F /* ApiGenres.swift */ = {isa = PBXFileReference; lastKnownFileType = sourcecode.swift; path = ApiGenres.swift; sourceTree = "<group>"; };
		C148C8B822AC10ED00D036C0 /* MovieCollectionViewCell.swift */ = {isa = PBXFileReference; lastKnownFileType = sourcecode.swift; path = MovieCollectionViewCell.swift; sourceTree = "<group>"; };
		C148C8B922AC10ED00D036C0 /* MovieCollectionViewCell.xib */ = {isa = PBXFileReference; lastKnownFileType = file.xib; path = MovieCollectionViewCell.xib; sourceTree = "<group>"; };
		C14F8BF022AE985A00A4AE55 /* MovieService.swift */ = {isa = PBXFileReference; lastKnownFileType = sourcecode.swift; path = MovieService.swift; sourceTree = "<group>"; };
		C14F8BF322AE9BBA00A4AE55 /* ApiMovie.swift */ = {isa = PBXFileReference; lastKnownFileType = sourcecode.swift; path = ApiMovie.swift; sourceTree = "<group>"; };
		C14F8BF522AE9EA800A4AE55 /* AlamofireMovieService.swift */ = {isa = PBXFileReference; lastKnownFileType = sourcecode.swift; path = AlamofireMovieService.swift; sourceTree = "<group>"; };
		C19532E222ADAC25006FE505 /* MovieModelTests.swift */ = {isa = PBXFileReference; lastKnownFileType = sourcecode.swift; path = MovieModelTests.swift; sourceTree = "<group>"; };
		C19532E422ADACC0006FE505 /* Movie.swift */ = {isa = PBXFileReference; lastKnownFileType = sourcecode.swift; path = Movie.swift; sourceTree = "<group>"; };
		C19532E822ADC661006FE505 /* GenreModelTests.swift */ = {isa = PBXFileReference; lastKnownFileType = sourcecode.swift; path = GenreModelTests.swift; sourceTree = "<group>"; };
		C19532EA22ADD0A8006FE505 /* Genre.swift */ = {isa = PBXFileReference; lastKnownFileType = sourcecode.swift; path = Genre.swift; sourceTree = "<group>"; };
		C19532F222ADD8E0006FE505 /* MovieManagerTests.swift */ = {isa = PBXFileReference; lastKnownFileType = sourcecode.swift; path = MovieManagerTests.swift; sourceTree = "<group>"; };
		C19532F622AE75D0006FE505 /* Contants.swift */ = {isa = PBXFileReference; lastKnownFileType = sourcecode.swift; path = Contants.swift; sourceTree = "<group>"; };
		C19532F922AE881C006FE505 /* AlamofireService.swift */ = {isa = PBXFileReference; lastKnownFileType = sourcecode.swift; path = AlamofireService.swift; sourceTree = "<group>"; };
		C19532FB22AE88A0006FE505 /* ApiEnvironment.swift */ = {isa = PBXFileReference; lastKnownFileType = sourcecode.swift; path = ApiEnvironment.swift; sourceTree = "<group>"; };
		C19532FD22AE8918006FE505 /* ApiRoute.swift */ = {isa = PBXFileReference; lastKnownFileType = sourcecode.swift; path = ApiRoute.swift; sourceTree = "<group>"; };
		C195330022AE8C30006FE505 /* ApiContext.swift */ = {isa = PBXFileReference; lastKnownFileType = sourcecode.swift; path = ApiContext.swift; sourceTree = "<group>"; };
		C195330222AE8C5A006FE505 /* NonPersistantApiContext.swift */ = {isa = PBXFileReference; lastKnownFileType = sourcecode.swift; path = NonPersistantApiContext.swift; sourceTree = "<group>"; };
		C1B5274522AC038800574F94 /* Movie DB Test.app */ = {isa = PBXFileReference; explicitFileType = wrapper.application; includeInIndex = 0; path = "Movie DB Test.app"; sourceTree = BUILT_PRODUCTS_DIR; };
		C1B5274822AC038800574F94 /* AppDelegate.swift */ = {isa = PBXFileReference; lastKnownFileType = sourcecode.swift; path = AppDelegate.swift; sourceTree = "<group>"; };
		C1B5274D22AC038800574F94 /* Base */ = {isa = PBXFileReference; lastKnownFileType = file.storyboard; name = Base; path = Base.lproj/Main.storyboard; sourceTree = "<group>"; };
		C1B5274F22AC038A00574F94 /* Assets.xcassets */ = {isa = PBXFileReference; lastKnownFileType = folder.assetcatalog; path = Assets.xcassets; sourceTree = "<group>"; };
		C1B5275222AC038A00574F94 /* Base */ = {isa = PBXFileReference; lastKnownFileType = file.storyboard; name = Base; path = Base.lproj/LaunchScreen.storyboard; sourceTree = "<group>"; };
		C1B5275422AC038A00574F94 /* Info.plist */ = {isa = PBXFileReference; lastKnownFileType = text.plist.xml; path = Info.plist; sourceTree = "<group>"; };
		C1B5275922AC038A00574F94 /* Movie DB TestTests.xctest */ = {isa = PBXFileReference; explicitFileType = wrapper.cfbundle; includeInIndex = 0; path = "Movie DB TestTests.xctest"; sourceTree = BUILT_PRODUCTS_DIR; };
		C1B5275D22AC038A00574F94 /* MovieDBTestTests.swift */ = {isa = PBXFileReference; lastKnownFileType = sourcecode.swift; path = MovieDBTestTests.swift; sourceTree = "<group>"; };
		C1B5275F22AC038A00574F94 /* Info.plist */ = {isa = PBXFileReference; lastKnownFileType = text.plist.xml; path = Info.plist; sourceTree = "<group>"; };
		C1B5276822AC038A00574F94 /* MovieDBTestUITests.swift */ = {isa = PBXFileReference; lastKnownFileType = sourcecode.swift; path = MovieDBTestUITests.swift; sourceTree = "<group>"; };
		C1B5276A22AC038A00574F94 /* Info.plist */ = {isa = PBXFileReference; lastKnownFileType = text.plist.xml; path = Info.plist; sourceTree = "<group>"; };
		EA4448BA1FF56CFE66B86F36 /* Pods-Movie DB Test.release.xcconfig */ = {isa = PBXFileReference; includeInIndex = 1; lastKnownFileType = text.xcconfig; name = "Pods-Movie DB Test.release.xcconfig"; path = "Target Support Files/Pods-Movie DB Test/Pods-Movie DB Test.release.xcconfig"; sourceTree = "<group>"; };
/* End PBXFileReference section */

/* Begin PBXFrameworksBuildPhase section */
		C1B5274222AC038800574F94 /* Frameworks */ = {
			isa = PBXFrameworksBuildPhase;
			buildActionMask = 2147483647;
			files = (
				6C33BE74DD17D7DA772BCF31 /* Pods_Movie_DB_Test.framework in Frameworks */,
			);
			runOnlyForDeploymentPostprocessing = 0;
		};
		C1B5275622AC038A00574F94 /* Frameworks */ = {
			isa = PBXFrameworksBuildPhase;
			buildActionMask = 2147483647;
			files = (
				C389BC7273C631B895C98941 /* Pods_Movie_DB_TestTests.framework in Frameworks */,
			);
			runOnlyForDeploymentPostprocessing = 0;
		};
/* End PBXFrameworksBuildPhase section */

/* Begin PBXGroup section */
		5C7755C2D546DD485EA15C50 /* Frameworks */ = {
			isa = PBXGroup;
			children = (
				162E3D785CC108ED7CD468E3 /* Pods_Movie_DB_Test.framework */,
				A50DCF8E349126C9E89156D4 /* Pods_Movie_DB_TestTests.framework */,
				02FC96CE5C6D01487A588236 /* Pods_Movie_DB_TestUITests.framework */,
			);
			name = Frameworks;
			sourceTree = "<group>";
		};
		937FD3033E3C9F18B9FE5099 /* Pods */ = {
			isa = PBXGroup;
			children = (
				BE3BC7F1D8655BD216BDA584 /* Pods-Movie DB Test.debug.xcconfig */,
				EA4448BA1FF56CFE66B86F36 /* Pods-Movie DB Test.release.xcconfig */,
				B46484CD6557515F90760C4F /* Pods-Movie DB TestTests.debug.xcconfig */,
				58F3EF60F3CD40FC34EB6361 /* Pods-Movie DB TestTests.release.xcconfig */,
				9038BF6379EE2F5A39BD7CD4 /* Pods-Movie DB TestUITests.debug.xcconfig */,
				611AB1845D5539D4657A4BBC /* Pods-Movie DB TestUITests.release.xcconfig */,
			);
			path = Pods;
			sourceTree = "<group>";
		};
		C13140CA22AC3640004AF773 /* Resources */ = {
			isa = PBXGroup;
			children = (
				C1B5274F22AC038A00574F94 /* Assets.xcassets */,
				C19532F622AE75D0006FE505 /* Contants.swift */,
			);
			path = Resources;
			sourceTree = "<group>";
		};
		C13140D722AC3883004AF773 /* VIPER */ = {
			isa = PBXGroup;
			children = (
				C13140D922AC38A0004AF773 /* BaseWireframe.swift */,
				C13140DA22AC38A0004AF773 /* FormatterInterface.swift */,
				C13140DC22AC38A0004AF773 /* InteractorInterface.swift */,
				C13140D822AC38A0004AF773 /* PresenterInterface.swift */,
				C13140DB22AC38A0004AF773 /* UIStoryboardExtension.swift */,
				C13140DD22AC38A0004AF773 /* ViewInterface.swift */,
			);
			path = VIPER;
			sourceTree = "<group>";
		};
		C13140FA22ACDA79004AF773 /* MovieDetail */ = {
			isa = PBXGroup;
			children = (
				C13140EE22ACDA6D004AF773 /* MovieDetailModuleInterfaces.swift */,
				C13140EF22ACDA6D004AF773 /* MovieDetailModulePresenter.swift */,
				C13140F022ACDA6D004AF773 /* MovieDetailModuleViewController.swift */,
				C13140F122ACDA6D004AF773 /* MovieDetailModuleFormatter.swift */,
				C13140F222ACDA6D004AF773 /* MovieDetailModuleInteractor.swift */,
				C13140F322ACDA6D004AF773 /* MovieDetailModuleWireframe.swift */,
			);
			path = MovieDetail;
			sourceTree = "<group>";
		};
		C148C8B322AC0C2500D036C0 /* Common */ = {
			isa = PBXGroup;
			children = (
				C19532F822AE87AF006FE505 /* API */,
				C19532EE22ADD4CF006FE505 /* Managers */,
				C13140D722AC3883004AF773 /* VIPER */,
				C13140CA22AC3640004AF773 /* Resources */,
				C148C8B422AC0C4000D036C0 /* Models */,
			);
			path = Common;
			sourceTree = "<group>";
		};
		C148C8B422AC0C4000D036C0 /* Models */ = {
			isa = PBXGroup;
			children = (
				C19532E422ADACC0006FE505 /* Movie.swift */,
				C19532EA22ADD0A8006FE505 /* Genre.swift */,
			);
			path = Models;
			sourceTree = "<group>";
		};
		C148C8B522AC0C4B00D036C0 /* Modules */ = {
			isa = PBXGroup;
			children = (
				C13140FA22ACDA79004AF773 /* MovieDetail */,
				C148C8B622AC0C7B00D036C0 /* MovieList */,
			);
			path = Modules;
			sourceTree = "<group>";
		};
		C148C8B622AC0C7B00D036C0 /* MovieList */ = {
			isa = PBXGroup;
			children = (
				C148C8B722AC10A300D036C0 /* CollectionViewCells */,
				C13140CB22AC3870004AF773 /* MovieCollectionModuleInterfaces.swift */,
				C13140CC22AC3870004AF773 /* MovieCollectionModulePresenter.swift */,
				C13140CD22AC3870004AF773 /* MovieCollectionModuleViewController.swift */,
				C13140CE22AC3870004AF773 /* MovieCollectionModuleFormatter.swift */,
				C13140CF22AC3870004AF773 /* MovieCollectionModuleInteractor.swift */,
				C13140D022AC3870004AF773 /* MovieCollectionModuleWireframe.swift */,
			);
			path = MovieList;
			sourceTree = "<group>";
		};
		C148C8B722AC10A300D036C0 /* CollectionViewCells */ = {
			isa = PBXGroup;
			children = (
				C148C8B822AC10ED00D036C0 /* MovieCollectionViewCell.swift */,
				C148C8B922AC10ED00D036C0 /* MovieCollectionViewCell.xib */,
			);
			path = CollectionViewCells;
			sourceTree = "<group>";
		};
		C14F8BF222AE9B7C00A4AE55 /* Movies */ = {
			isa = PBXGroup;
			children = (
				C14F8BF322AE9BBA00A4AE55 /* ApiMovie.swift */,
				C14F8BF522AE9EA800A4AE55 /* AlamofireMovieService.swift */,
				C14666B522AEBB540079CD7F /* ApiGenres.swift */,
			);
			path = Movies;
			sourceTree = "<group>";
		};
		C19532EC22ADD322006FE505 /* Models */ = {
			isa = PBXGroup;
			children = (
				C19532E222ADAC25006FE505 /* MovieModelTests.swift */,
				C19532E822ADC661006FE505 /* GenreModelTests.swift */,
			);
			path = Models;
			sourceTree = "<group>";
		};
		C19532ED22ADD338006FE505 /* Views */ = {
			isa = PBXGroup;
			children = (
				C13140E422ACA544004AF773 /* MovieCollectionViewTests.swift */,
				C122A72222AD3BC1004DD1CC /* MovieDetailViewTests.swift */,
			);
			path = Views;
			sourceTree = "<group>";
		};
		C19532EE22ADD4CF006FE505 /* Managers */ = {
			isa = PBXGroup;
			children = (
			);
			path = Managers;
			sourceTree = "<group>";
		};
		C19532F122ADD88A006FE505 /* Managers */ = {
			isa = PBXGroup;
			children = (
				C19532F222ADD8E0006FE505 /* MovieManagerTests.swift */,
			);
			path = Managers;
			sourceTree = "<group>";
		};
		C19532F822AE87AF006FE505 /* API */ = {
			isa = PBXGroup;
			children = (
				C14F8BF222AE9B7C00A4AE55 /* Movies */,
				C19532FF22AE8C19006FE505 /* Context */,
				C19532F922AE881C006FE505 /* AlamofireService.swift */,
				C19532FB22AE88A0006FE505 /* ApiEnvironment.swift */,
				C19532FD22AE8918006FE505 /* ApiRoute.swift */,
				C14F8BF022AE985A00A4AE55 /* MovieService.swift */,
			);
			path = API;
			sourceTree = "<group>";
		};
		C19532FF22AE8C19006FE505 /* Context */ = {
			isa = PBXGroup;
			children = (
				C195330022AE8C30006FE505 /* ApiContext.swift */,
				C195330222AE8C5A006FE505 /* NonPersistantApiContext.swift */,
			);
			path = Context;
			sourceTree = "<group>";
		};
		C1B5273C22AC038800574F94 = {
			isa = PBXGroup;
			children = (
				C1B5274722AC038800574F94 /* Movie DB Test */,
				C1B5275C22AC038A00574F94 /* Movie DB TestTests */,
				C1B5276722AC038A00574F94 /* Movie DB TestUITests */,
				C1B5274622AC038800574F94 /* Products */,
				937FD3033E3C9F18B9FE5099 /* Pods */,
				5C7755C2D546DD485EA15C50 /* Frameworks */,
			);
			sourceTree = "<group>";
		};
		C1B5274622AC038800574F94 /* Products */ = {
			isa = PBXGroup;
			children = (
				C1B5274522AC038800574F94 /* Movie DB Test.app */,
				C1B5275922AC038A00574F94 /* Movie DB TestTests.xctest */,
			);
			name = Products;
			sourceTree = "<group>";
		};
		C1B5274722AC038800574F94 /* Movie DB Test */ = {
			isa = PBXGroup;
			children = (
				C148C8B522AC0C4B00D036C0 /* Modules */,
				C148C8B322AC0C2500D036C0 /* Common */,
				C1B5274822AC038800574F94 /* AppDelegate.swift */,
				C1B5274C22AC038800574F94 /* Main.storyboard */,
				C1B5275122AC038A00574F94 /* LaunchScreen.storyboard */,
				C1B5275422AC038A00574F94 /* Info.plist */,
			);
			path = "Movie DB Test";
			sourceTree = "<group>";
		};
		C1B5275C22AC038A00574F94 /* Movie DB TestTests */ = {
			isa = PBXGroup;
			children = (
				C19532F122ADD88A006FE505 /* Managers */,
				C19532ED22ADD338006FE505 /* Views */,
				C19532EC22ADD322006FE505 /* Models */,
				C1B5275D22AC038A00574F94 /* MovieDBTestTests.swift */,
				C1B5275F22AC038A00574F94 /* Info.plist */,
				C14666B322AEAAF40079CD7F /* ApiClientTests.swift */,
			);
			path = "Movie DB TestTests";
			sourceTree = "<group>";
		};
		C1B5276722AC038A00574F94 /* Movie DB TestUITests */ = {
			isa = PBXGroup;
			children = (
				C1B5276822AC038A00574F94 /* MovieDBTestUITests.swift */,
				C1B5276A22AC038A00574F94 /* Info.plist */,
			);
			path = "Movie DB TestUITests";
			sourceTree = "<group>";
		};
/* End PBXGroup section */

/* Begin PBXNativeTarget section */
		C1B5274422AC038800574F94 /* Movie DB Test */ = {
			isa = PBXNativeTarget;
			buildConfigurationList = C1B5276D22AC038A00574F94 /* Build configuration list for PBXNativeTarget "Movie DB Test" */;
			buildPhases = (
				0B3A748AD6B602EDBA5E51AE /* [CP] Check Pods Manifest.lock */,
				C1B5274122AC038800574F94 /* Sources */,
				C1B5274222AC038800574F94 /* Frameworks */,
				C1B5274322AC038800574F94 /* Resources */,
				D8E74CB46D50D98BD08FAD54 /* [CP] Embed Pods Frameworks */,
				C122A72422AD6FA5004DD1CC /* SwiftLint Script */,
			);
			buildRules = (
			);
			dependencies = (
			);
			name = "Movie DB Test";
			productName = "Movie DB Test";
			productReference = C1B5274522AC038800574F94 /* Movie DB Test.app */;
			productType = "com.apple.product-type.application";
		};
		C1B5275822AC038A00574F94 /* Movie DB TestTests */ = {
			isa = PBXNativeTarget;
			buildConfigurationList = C1B5277022AC038A00574F94 /* Build configuration list for PBXNativeTarget "Movie DB TestTests" */;
			buildPhases = (
				C147805A68201F7E6C6BACC2 /* [CP] Check Pods Manifest.lock */,
				C1B5275522AC038A00574F94 /* Sources */,
				C1B5275622AC038A00574F94 /* Frameworks */,
				C1B5275722AC038A00574F94 /* Resources */,
			);
			buildRules = (
			);
			dependencies = (
				C1B5275B22AC038A00574F94 /* PBXTargetDependency */,
			);
			name = "Movie DB TestTests";
			productName = "Movie DB TestTests";
			productReference = C1B5275922AC038A00574F94 /* Movie DB TestTests.xctest */;
			productType = "com.apple.product-type.bundle.unit-test";
		};
/* End PBXNativeTarget section */

/* Begin PBXProject section */
		C1B5273D22AC038800574F94 /* Project object */ = {
			isa = PBXProject;
			attributes = {
				LastSwiftUpdateCheck = 1020;
				LastUpgradeCheck = 1020;
				ORGANIZATIONNAME = "John Edwin Guerrero Ayala";
				TargetAttributes = {
					C1B5274422AC038800574F94 = {
						CreatedOnToolsVersion = 10.2.1;
					};
					C1B5275822AC038A00574F94 = {
						CreatedOnToolsVersion = 10.2.1;
						TestTargetID = C1B5274422AC038800574F94;
					};
				};
			};
			buildConfigurationList = C1B5274022AC038800574F94 /* Build configuration list for PBXProject "Movie DB Test" */;
			compatibilityVersion = "Xcode 9.3";
			developmentRegion = en;
			hasScannedForEncodings = 0;
			knownRegions = (
				en,
				Base,
			);
			mainGroup = C1B5273C22AC038800574F94;
			productRefGroup = C1B5274622AC038800574F94 /* Products */;
			projectDirPath = "";
			projectRoot = "";
			targets = (
				C1B5274422AC038800574F94 /* Movie DB Test */,
				C1B5275822AC038A00574F94 /* Movie DB TestTests */,
			);
		};
/* End PBXProject section */

/* Begin PBXResourcesBuildPhase section */
		C1B5274322AC038800574F94 /* Resources */ = {
			isa = PBXResourcesBuildPhase;
			buildActionMask = 2147483647;
			files = (
				C1B5275322AC038A00574F94 /* LaunchScreen.storyboard in Resources */,
				C1B5275022AC038A00574F94 /* Assets.xcassets in Resources */,
				C1B5274E22AC038800574F94 /* Main.storyboard in Resources */,
				C148C8BB22AC10ED00D036C0 /* MovieCollectionViewCell.xib in Resources */,
			);
			runOnlyForDeploymentPostprocessing = 0;
		};
		C1B5275722AC038A00574F94 /* Resources */ = {
			isa = PBXResourcesBuildPhase;
			buildActionMask = 2147483647;
			files = (
			);
			runOnlyForDeploymentPostprocessing = 0;
		};
/* End PBXResourcesBuildPhase section */

/* Begin PBXShellScriptBuildPhase section */
		0B3A748AD6B602EDBA5E51AE /* [CP] Check Pods Manifest.lock */ = {
			isa = PBXShellScriptBuildPhase;
			buildActionMask = 2147483647;
			files = (
			);
			inputFileListPaths = (
			);
			inputPaths = (
				"${PODS_PODFILE_DIR_PATH}/Podfile.lock",
				"${PODS_ROOT}/Manifest.lock",
			);
			name = "[CP] Check Pods Manifest.lock";
			outputFileListPaths = (
			);
			outputPaths = (
				"$(DERIVED_FILE_DIR)/Pods-Movie DB Test-checkManifestLockResult.txt",
			);
			runOnlyForDeploymentPostprocessing = 0;
			shellPath = /bin/sh;
			shellScript = "diff \"${PODS_PODFILE_DIR_PATH}/Podfile.lock\" \"${PODS_ROOT}/Manifest.lock\" > /dev/null\nif [ $? != 0 ] ; then\n    # print error to STDERR\n    echo \"error: The sandbox is not in sync with the Podfile.lock. Run 'pod install' or update your CocoaPods installation.\" >&2\n    exit 1\nfi\n# This output is used by Xcode 'outputs' to avoid re-running this script phase.\necho \"SUCCESS\" > \"${SCRIPT_OUTPUT_FILE_0}\"\n";
			showEnvVarsInLog = 0;
		};
		C122A72422AD6FA5004DD1CC /* SwiftLint Script */ = {
			isa = PBXShellScriptBuildPhase;
			buildActionMask = 2147483647;
			files = (
			);
			inputFileListPaths = (
			);
			inputPaths = (
			);
			name = "SwiftLint Script";
			outputFileListPaths = (
			);
			outputPaths = (
			);
			runOnlyForDeploymentPostprocessing = 0;
			shellPath = /bin/sh;
			shellScript = "# Type a script or drag a script file from your workspace to insert its path.\nif which swiftlint >/dev/null; then\nswiftlint\nelse\necho \"warning: SwiftLint not installed, download from https://github.com/realm/SwiftLint\"\nfi\n";
		};
		C147805A68201F7E6C6BACC2 /* [CP] Check Pods Manifest.lock */ = {
			isa = PBXShellScriptBuildPhase;
			buildActionMask = 2147483647;
			files = (
			);
			inputFileListPaths = (
			);
			inputPaths = (
				"${PODS_PODFILE_DIR_PATH}/Podfile.lock",
				"${PODS_ROOT}/Manifest.lock",
			);
			name = "[CP] Check Pods Manifest.lock";
			outputFileListPaths = (
			);
			outputPaths = (
				"$(DERIVED_FILE_DIR)/Pods-Movie DB TestTests-checkManifestLockResult.txt",
			);
			runOnlyForDeploymentPostprocessing = 0;
			shellPath = /bin/sh;
			shellScript = "diff \"${PODS_PODFILE_DIR_PATH}/Podfile.lock\" \"${PODS_ROOT}/Manifest.lock\" > /dev/null\nif [ $? != 0 ] ; then\n    # print error to STDERR\n    echo \"error: The sandbox is not in sync with the Podfile.lock. Run 'pod install' or update your CocoaPods installation.\" >&2\n    exit 1\nfi\n# This output is used by Xcode 'outputs' to avoid re-running this script phase.\necho \"SUCCESS\" > \"${SCRIPT_OUTPUT_FILE_0}\"\n";
			showEnvVarsInLog = 0;
		};
		D8E74CB46D50D98BD08FAD54 /* [CP] Embed Pods Frameworks */ = {
			isa = PBXShellScriptBuildPhase;
			buildActionMask = 2147483647;
			files = (
			);
			inputFileListPaths = (
				"${PODS_ROOT}/Target Support Files/Pods-Movie DB Test/Pods-Movie DB Test-frameworks-${CONFIGURATION}-input-files.xcfilelist",
			);
			name = "[CP] Embed Pods Frameworks";
			outputFileListPaths = (
				"${PODS_ROOT}/Target Support Files/Pods-Movie DB Test/Pods-Movie DB Test-frameworks-${CONFIGURATION}-output-files.xcfilelist",
			);
			runOnlyForDeploymentPostprocessing = 0;
			shellPath = /bin/sh;
			shellScript = "\"${PODS_ROOT}/Target Support Files/Pods-Movie DB Test/Pods-Movie DB Test-frameworks.sh\"\n";
			showEnvVarsInLog = 0;
		};
/* End PBXShellScriptBuildPhase section */

/* Begin PBXSourcesBuildPhase section */
		C1B5274122AC038800574F94 /* Sources */ = {
			isa = PBXSourcesBuildPhase;
			buildActionMask = 2147483647;
			files = (
				C13140E022AC38A0004AF773 /* FormatterInterface.swift in Sources */,
				C14F8BF422AE9BBB00A4AE55 /* ApiMovie.swift in Sources */,
				C148C8BA22AC10ED00D036C0 /* MovieCollectionViewCell.swift in Sources */,
				C19532FE22AE8918006FE505 /* ApiRoute.swift in Sources */,
				C13140E222AC38A0004AF773 /* InteractorInterface.swift in Sources */,
				C19532EB22ADD0A8006FE505 /* Genre.swift in Sources */,
				C13140F722ACDA6D004AF773 /* MovieDetailModuleFormatter.swift in Sources */,
				C13140F822ACDA6D004AF773 /* MovieDetailModuleInteractor.swift in Sources */,
				C14666B622AEBB540079CD7F /* ApiGenres.swift in Sources */,
				C13140D322AC3870004AF773 /* MovieCollectionModuleViewController.swift in Sources */,
				C13140F922ACDA6D004AF773 /* MovieDetailModuleWireframe.swift in Sources */,
				C13140D422AC3870004AF773 /* MovieCollectionModuleFormatter.swift in Sources */,
				C13140DE22AC38A0004AF773 /* PresenterInterface.swift in Sources */,
				C195330122AE8C30006FE505 /* ApiContext.swift in Sources */,
				C19532FC22AE88A0006FE505 /* ApiEnvironment.swift in Sources */,
				C19532FA22AE881C006FE505 /* AlamofireService.swift in Sources */,
				C19532F722AE75D0006FE505 /* Contants.swift in Sources */,
				C13140D222AC3870004AF773 /* MovieCollectionModulePresenter.swift in Sources */,
				C13140D522AC3870004AF773 /* MovieCollectionModuleInteractor.swift in Sources */,
				C13140E122AC38A0004AF773 /* UIStoryboardExtension.swift in Sources */,
				C13140F422ACDA6D004AF773 /* MovieDetailModuleInterfaces.swift in Sources */,
				C195330322AE8C5A006FE505 /* NonPersistantApiContext.swift in Sources */,
				C13140E322AC38A0004AF773 /* ViewInterface.swift in Sources */,
				C19532E522ADACC0006FE505 /* Movie.swift in Sources */,
				C13140D122AC3870004AF773 /* MovieCollectionModuleInterfaces.swift in Sources */,
				C13140F622ACDA6D004AF773 /* MovieDetailModuleViewController.swift in Sources */,
				C13140F522ACDA6D004AF773 /* MovieDetailModulePresenter.swift in Sources */,
				C1B5274922AC038800574F94 /* AppDelegate.swift in Sources */,
				C14F8BF122AE985A00A4AE55 /* MovieService.swift in Sources */,
				C13140D622AC3870004AF773 /* MovieCollectionModuleWireframe.swift in Sources */,
				C13140DF22AC38A0004AF773 /* BaseWireframe.swift in Sources */,
				C14F8BF622AE9EA800A4AE55 /* AlamofireMovieService.swift in Sources */,
			);
			runOnlyForDeploymentPostprocessing = 0;
		};
		C1B5275522AC038A00574F94 /* Sources */ = {
			isa = PBXSourcesBuildPhase;
			buildActionMask = 2147483647;
			files = (
				C19532F322ADD8E0006FE505 /* MovieManagerTests.swift in Sources */,
				C19532E322ADAC25006FE505 /* MovieModelTests.swift in Sources */,
				C122A72322AD3BC1004DD1CC /* MovieDetailViewTests.swift in Sources */,
				C19532E922ADC661006FE505 /* GenreModelTests.swift in Sources */,
				C14666B422AEAAF40079CD7F /* ApiClientTests.swift in Sources */,
				C1B5275E22AC038A00574F94 /* MovieDBTestTests.swift in Sources */,
				C13140E522ACA544004AF773 /* MovieCollectionViewTests.swift in Sources */,
			);
			runOnlyForDeploymentPostprocessing = 0;
		};
/* End PBXSourcesBuildPhase section */

/* Begin PBXTargetDependency section */
		C1B5275B22AC038A00574F94 /* PBXTargetDependency */ = {
			isa = PBXTargetDependency;
			target = C1B5274422AC038800574F94 /* Movie DB Test */;
			targetProxy = C1B5275A22AC038A00574F94 /* PBXContainerItemProxy */;
		};
/* End PBXTargetDependency section */

/* Begin PBXVariantGroup section */
		C1B5274C22AC038800574F94 /* Main.storyboard */ = {
			isa = PBXVariantGroup;
			children = (
				C1B5274D22AC038800574F94 /* Base */,
			);
			name = Main.storyboard;
			sourceTree = "<group>";
		};
		C1B5275122AC038A00574F94 /* LaunchScreen.storyboard */ = {
			isa = PBXVariantGroup;
			children = (
				C1B5275222AC038A00574F94 /* Base */,
			);
			name = LaunchScreen.storyboard;
			sourceTree = "<group>";
		};
/* End PBXVariantGroup section */

/* Begin XCBuildConfiguration section */
		C1B5276B22AC038A00574F94 /* Debug */ = {
			isa = XCBuildConfiguration;
			buildSettings = {
				ALWAYS_SEARCH_USER_PATHS = NO;
				CLANG_ANALYZER_NONNULL = YES;
				CLANG_ANALYZER_NUMBER_OBJECT_CONVERSION = YES_AGGRESSIVE;
				CLANG_CXX_LANGUAGE_STANDARD = "gnu++14";
				CLANG_CXX_LIBRARY = "libc++";
				CLANG_ENABLE_MODULES = YES;
				CLANG_ENABLE_OBJC_ARC = YES;
				CLANG_ENABLE_OBJC_WEAK = YES;
				CLANG_WARN_BLOCK_CAPTURE_AUTORELEASING = YES;
				CLANG_WARN_BOOL_CONVERSION = YES;
				CLANG_WARN_COMMA = YES;
				CLANG_WARN_CONSTANT_CONVERSION = YES;
				CLANG_WARN_DEPRECATED_OBJC_IMPLEMENTATIONS = YES;
				CLANG_WARN_DIRECT_OBJC_ISA_USAGE = YES_ERROR;
				CLANG_WARN_DOCUMENTATION_COMMENTS = YES;
				CLANG_WARN_EMPTY_BODY = YES;
				CLANG_WARN_ENUM_CONVERSION = YES;
				CLANG_WARN_INFINITE_RECURSION = YES;
				CLANG_WARN_INT_CONVERSION = YES;
				CLANG_WARN_NON_LITERAL_NULL_CONVERSION = YES;
				CLANG_WARN_OBJC_IMPLICIT_RETAIN_SELF = YES;
				CLANG_WARN_OBJC_LITERAL_CONVERSION = YES;
				CLANG_WARN_OBJC_ROOT_CLASS = YES_ERROR;
				CLANG_WARN_RANGE_LOOP_ANALYSIS = YES;
				CLANG_WARN_STRICT_PROTOTYPES = YES;
				CLANG_WARN_SUSPICIOUS_MOVE = YES;
				CLANG_WARN_UNGUARDED_AVAILABILITY = YES_AGGRESSIVE;
				CLANG_WARN_UNREACHABLE_CODE = YES;
				CLANG_WARN__DUPLICATE_METHOD_MATCH = YES;
				CODE_SIGN_IDENTITY = "iPhone Developer";
				COPY_PHASE_STRIP = NO;
				DEBUG_INFORMATION_FORMAT = dwarf;
				ENABLE_STRICT_OBJC_MSGSEND = YES;
				ENABLE_TESTABILITY = YES;
				GCC_C_LANGUAGE_STANDARD = gnu11;
				GCC_DYNAMIC_NO_PIC = NO;
				GCC_NO_COMMON_BLOCKS = YES;
				GCC_OPTIMIZATION_LEVEL = 0;
				GCC_PREPROCESSOR_DEFINITIONS = (
					"DEBUG=1",
					"$(inherited)",
				);
				GCC_WARN_64_TO_32_BIT_CONVERSION = YES;
				GCC_WARN_ABOUT_RETURN_TYPE = YES_ERROR;
				GCC_WARN_UNDECLARED_SELECTOR = YES;
				GCC_WARN_UNINITIALIZED_AUTOS = YES_AGGRESSIVE;
				GCC_WARN_UNUSED_FUNCTION = YES;
				GCC_WARN_UNUSED_VARIABLE = YES;
				IPHONEOS_DEPLOYMENT_TARGET = 12.2;
				MTL_ENABLE_DEBUG_INFO = INCLUDE_SOURCE;
				MTL_FAST_MATH = YES;
				ONLY_ACTIVE_ARCH = YES;
				SDKROOT = iphoneos;
				SWIFT_ACTIVE_COMPILATION_CONDITIONS = DEBUG;
				SWIFT_OPTIMIZATION_LEVEL = "-Onone";
			};
			name = Debug;
		};
		C1B5276C22AC038A00574F94 /* Release */ = {
			isa = XCBuildConfiguration;
			buildSettings = {
				ALWAYS_SEARCH_USER_PATHS = NO;
				CLANG_ANALYZER_NONNULL = YES;
				CLANG_ANALYZER_NUMBER_OBJECT_CONVERSION = YES_AGGRESSIVE;
				CLANG_CXX_LANGUAGE_STANDARD = "gnu++14";
				CLANG_CXX_LIBRARY = "libc++";
				CLANG_ENABLE_MODULES = YES;
				CLANG_ENABLE_OBJC_ARC = YES;
				CLANG_ENABLE_OBJC_WEAK = YES;
				CLANG_WARN_BLOCK_CAPTURE_AUTORELEASING = YES;
				CLANG_WARN_BOOL_CONVERSION = YES;
				CLANG_WARN_COMMA = YES;
				CLANG_WARN_CONSTANT_CONVERSION = YES;
				CLANG_WARN_DEPRECATED_OBJC_IMPLEMENTATIONS = YES;
				CLANG_WARN_DIRECT_OBJC_ISA_USAGE = YES_ERROR;
				CLANG_WARN_DOCUMENTATION_COMMENTS = YES;
				CLANG_WARN_EMPTY_BODY = YES;
				CLANG_WARN_ENUM_CONVERSION = YES;
				CLANG_WARN_INFINITE_RECURSION = YES;
				CLANG_WARN_INT_CONVERSION = YES;
				CLANG_WARN_NON_LITERAL_NULL_CONVERSION = YES;
				CLANG_WARN_OBJC_IMPLICIT_RETAIN_SELF = YES;
				CLANG_WARN_OBJC_LITERAL_CONVERSION = YES;
				CLANG_WARN_OBJC_ROOT_CLASS = YES_ERROR;
				CLANG_WARN_RANGE_LOOP_ANALYSIS = YES;
				CLANG_WARN_STRICT_PROTOTYPES = YES;
				CLANG_WARN_SUSPICIOUS_MOVE = YES;
				CLANG_WARN_UNGUARDED_AVAILABILITY = YES_AGGRESSIVE;
				CLANG_WARN_UNREACHABLE_CODE = YES;
				CLANG_WARN__DUPLICATE_METHOD_MATCH = YES;
				CODE_SIGN_IDENTITY = "iPhone Developer";
				COPY_PHASE_STRIP = NO;
				DEBUG_INFORMATION_FORMAT = "dwarf-with-dsym";
				ENABLE_NS_ASSERTIONS = NO;
				ENABLE_STRICT_OBJC_MSGSEND = YES;
				GCC_C_LANGUAGE_STANDARD = gnu11;
				GCC_NO_COMMON_BLOCKS = YES;
				GCC_WARN_64_TO_32_BIT_CONVERSION = YES;
				GCC_WARN_ABOUT_RETURN_TYPE = YES_ERROR;
				GCC_WARN_UNDECLARED_SELECTOR = YES;
				GCC_WARN_UNINITIALIZED_AUTOS = YES_AGGRESSIVE;
				GCC_WARN_UNUSED_FUNCTION = YES;
				GCC_WARN_UNUSED_VARIABLE = YES;
				IPHONEOS_DEPLOYMENT_TARGET = 12.2;
				MTL_ENABLE_DEBUG_INFO = NO;
				MTL_FAST_MATH = YES;
				SDKROOT = iphoneos;
				SWIFT_COMPILATION_MODE = wholemodule;
				SWIFT_OPTIMIZATION_LEVEL = "-O";
				VALIDATE_PRODUCT = YES;
			};
			name = Release;
		};
		C1B5276E22AC038A00574F94 /* Debug */ = {
			isa = XCBuildConfiguration;
			baseConfigurationReference = BE3BC7F1D8655BD216BDA584 /* Pods-Movie DB Test.debug.xcconfig */;
			buildSettings = {
				ASSETCATALOG_COMPILER_APPICON_NAME = AppIcon;
				CODE_SIGN_STYLE = Automatic;
				DEVELOPMENT_TEAM = 8R2D9WN3M3;
				INFOPLIST_FILE = "Movie DB Test/Info.plist";
				LD_RUNPATH_SEARCH_PATHS = (
					"$(inherited)",
					"@executable_path/Frameworks",
				);
				PRODUCT_BUNDLE_IDENTIFIER = "com.ingjohnguerrero.Movie-DB-Test";
				PRODUCT_NAME = "$(TARGET_NAME)";
				SWIFT_VERSION = 5.0;
				TARGETED_DEVICE_FAMILY = "1,2";
			};
			name = Debug;
		};
		C1B5276F22AC038A00574F94 /* Release */ = {
			isa = XCBuildConfiguration;
			baseConfigurationReference = EA4448BA1FF56CFE66B86F36 /* Pods-Movie DB Test.release.xcconfig */;
			buildSettings = {
				ASSETCATALOG_COMPILER_APPICON_NAME = AppIcon;
				CODE_SIGN_STYLE = Automatic;
				DEVELOPMENT_TEAM = 8R2D9WN3M3;
				INFOPLIST_FILE = "Movie DB Test/Info.plist";
				LD_RUNPATH_SEARCH_PATHS = (
					"$(inherited)",
					"@executable_path/Frameworks",
				);
				PRODUCT_BUNDLE_IDENTIFIER = "com.ingjohnguerrero.Movie-DB-Test";
				PRODUCT_NAME = "$(TARGET_NAME)";
				SWIFT_VERSION = 5.0;
				TARGETED_DEVICE_FAMILY = "1,2";
			};
			name = Release;
		};
		C1B5277122AC038A00574F94 /* Debug */ = {
			isa = XCBuildConfiguration;
			baseConfigurationReference = B46484CD6557515F90760C4F /* Pods-Movie DB TestTests.debug.xcconfig */;
			buildSettings = {
				ALWAYS_EMBED_SWIFT_STANDARD_LIBRARIES = YES;
				BUNDLE_LOADER = "$(TEST_HOST)";
				CODE_SIGN_STYLE = Automatic;
				DEVELOPMENT_TEAM = 8R2D9WN3M3;
				INFOPLIST_FILE = "Movie DB TestTests/Info.plist";
				LD_RUNPATH_SEARCH_PATHS = (
					"$(inherited)",
					"@executable_path/Frameworks",
					"@loader_path/Frameworks",
				);
				PRODUCT_BUNDLE_IDENTIFIER = "com.ingjohnguerrero.Movie-DB-TestTests";
				PRODUCT_NAME = "$(TARGET_NAME)";
				SWIFT_VERSION = 5.0;
				TARGETED_DEVICE_FAMILY = "1,2";
				TEST_HOST = "$(BUILT_PRODUCTS_DIR)/Movie DB Test.app/Movie DB Test";
			};
			name = Debug;
		};
		C1B5277222AC038A00574F94 /* Release */ = {
			isa = XCBuildConfiguration;
			baseConfigurationReference = 58F3EF60F3CD40FC34EB6361 /* Pods-Movie DB TestTests.release.xcconfig */;
			buildSettings = {
				ALWAYS_EMBED_SWIFT_STANDARD_LIBRARIES = YES;
				BUNDLE_LOADER = "$(TEST_HOST)";
				CODE_SIGN_STYLE = Automatic;
				DEVELOPMENT_TEAM = 8R2D9WN3M3;
				INFOPLIST_FILE = "Movie DB TestTests/Info.plist";
				LD_RUNPATH_SEARCH_PATHS = (
					"$(inherited)",
					"@executable_path/Frameworks",
					"@loader_path/Frameworks",
				);
				PRODUCT_BUNDLE_IDENTIFIER = "com.ingjohnguerrero.Movie-DB-TestTests";
				PRODUCT_NAME = "$(TARGET_NAME)";
				SWIFT_VERSION = 5.0;
				TARGETED_DEVICE_FAMILY = "1,2";
				TEST_HOST = "$(BUILT_PRODUCTS_DIR)/Movie DB Test.app/Movie DB Test";
			};
			name = Release;
		};
/* End XCBuildConfiguration section */

/* Begin XCConfigurationList section */
		C1B5274022AC038800574F94 /* Build configuration list for PBXProject "Movie DB Test" */ = {
			isa = XCConfigurationList;
			buildConfigurations = (
				C1B5276B22AC038A00574F94 /* Debug */,
				C1B5276C22AC038A00574F94 /* Release */,
			);
			defaultConfigurationIsVisible = 0;
			defaultConfigurationName = Release;
		};
		C1B5276D22AC038A00574F94 /* Build configuration list for PBXNativeTarget "Movie DB Test" */ = {
			isa = XCConfigurationList;
			buildConfigurations = (
				C1B5276E22AC038A00574F94 /* Debug */,
				C1B5276F22AC038A00574F94 /* Release */,
			);
			defaultConfigurationIsVisible = 0;
			defaultConfigurationName = Release;
		};
		C1B5277022AC038A00574F94 /* Build configuration list for PBXNativeTarget "Movie DB TestTests" */ = {
			isa = XCConfigurationList;
			buildConfigurations = (
				C1B5277122AC038A00574F94 /* Debug */,
				C1B5277222AC038A00574F94 /* Release */,
			);
			defaultConfigurationIsVisible = 0;
			defaultConfigurationName = Release;
		};
/* End XCConfigurationList section */
	};
	rootObject = C1B5273D22AC038800574F94 /* Project object */;
}
